// !$*UTF8*$!
{
	archiveVersion = 1;
	classes = {
	};
	objectVersion = 46;
	objects = {

/* Begin PBXBuildFile section */
		031CB57F1C512B4800C03253 /* Event.swift in Sources */ = {isa = PBXBuildFile; fileRef = 031CB57E1C512B4800C03253 /* Event.swift */; };
		031CB5811C512F7900C03253 /* StringObject.swift in Sources */ = {isa = PBXBuildFile; fileRef = 031CB5801C512F7900C03253 /* StringObject.swift */; };
		031CB5841C51320F00C03253 /* EventsViewController.swift in Sources */ = {isa = PBXBuildFile; fileRef = 031CB5831C51320F00C03253 /* EventsViewController.swift */; };
		031CB5861C51321A00C03253 /* EventsViewModel.swift in Sources */ = {isa = PBXBuildFile; fileRef = 031CB5851C51321A00C03253 /* EventsViewModel.swift */; };
		031CB5881C51322800C03253 /* EventsViewPresenter.swift in Sources */ = {isa = PBXBuildFile; fileRef = 031CB5871C51322800C03253 /* EventsViewPresenter.swift */; };
		031CB58A1C513A0D00C03253 /* BaseTableViewCell.swift in Sources */ = {isa = PBXBuildFile; fileRef = 031CB5891C513A0D00C03253 /* BaseTableViewCell.swift */; };
		031CB58C1C513DFE00C03253 /* ObservableExtensions.swift in Sources */ = {isa = PBXBuildFile; fileRef = 031CB58B1C513DFE00C03253 /* ObservableExtensions.swift */; };
		0324B5F61C7D6F4800B786D8 /* CustomTransform.swift in Sources */ = {isa = PBXBuildFile; fileRef = 0324B5F51C7D6F4800B786D8 /* CustomTransform.swift */; };
		0324B5F81C7D779400B786D8 /* UIViewExtensions.swift in Sources */ = {isa = PBXBuildFile; fileRef = 0324B5F71C7D779400B786D8 /* UIViewExtensions.swift */; };
		0324B5FA1C7D883800B786D8 /* ArrayExtensions.swift in Sources */ = {isa = PBXBuildFile; fileRef = 0324B5F91C7D883800B786D8 /* ArrayExtensions.swift */; };
		0324B5FC1C7D975C00B786D8 /* StringExtensions.swift in Sources */ = {isa = PBXBuildFile; fileRef = 0324B5FB1C7D975C00B786D8 /* StringExtensions.swift */; };
		0324E5191C8D29BD00472DC9 /* PhotoRollViewController.swift in Sources */ = {isa = PBXBuildFile; fileRef = 0324E5181C8D29BD00472DC9 /* PhotoRollViewController.swift */; };
		0324E51B1C8D29C900472DC9 /* PhotoRollViewModel.swift in Sources */ = {isa = PBXBuildFile; fileRef = 0324E51A1C8D29C900472DC9 /* PhotoRollViewModel.swift */; };
		0324E51D1C8D29D200472DC9 /* PhotoRollViewPresenter.swift in Sources */ = {isa = PBXBuildFile; fileRef = 0324E51C1C8D29D200472DC9 /* PhotoRollViewPresenter.swift */; };
		032A63B31C4847F4008E1A40 /* AppDelegate.swift in Sources */ = {isa = PBXBuildFile; fileRef = 032A63B21C4847F4008E1A40 /* AppDelegate.swift */; };
		032A63BA1C4847F4008E1A40 /* Assets.xcassets in Resources */ = {isa = PBXBuildFile; fileRef = 032A63B91C4847F4008E1A40 /* Assets.xcassets */; };
		032A63BD1C4847F4008E1A40 /* LaunchScreen.storyboard in Resources */ = {isa = PBXBuildFile; fileRef = 032A63BB1C4847F4008E1A40 /* LaunchScreen.storyboard */; };
		032A63CB1C484C0A008E1A40 /* BaseNavigationController.swift in Sources */ = {isa = PBXBuildFile; fileRef = 032A63C81C484C0A008E1A40 /* BaseNavigationController.swift */; };
		032A63CC1C484C0A008E1A40 /* ViewModel.swift in Sources */ = {isa = PBXBuildFile; fileRef = 032A63C91C484C0A008E1A40 /* ViewModel.swift */; };
		032A63CD1C484C0A008E1A40 /* ViewPresenter.swift in Sources */ = {isa = PBXBuildFile; fileRef = 032A63CA1C484C0A008E1A40 /* ViewPresenter.swift */; };
		032A63CF1C484C10008E1A40 /* Constants.swift in Sources */ = {isa = PBXBuildFile; fileRef = 032A63CE1C484C10008E1A40 /* Constants.swift */; };
		032A63D11C484C7D008E1A40 /* LoginViewController.swift in Sources */ = {isa = PBXBuildFile; fileRef = 032A63D01C484C7D008E1A40 /* LoginViewController.swift */; };
		032A63D31C484CD8008E1A40 /* LoginViewModel.swift in Sources */ = {isa = PBXBuildFile; fileRef = 032A63D21C484CD8008E1A40 /* LoginViewModel.swift */; };
		032A63D61C484D38008E1A40 /* LoginViewPresenter.swift in Sources */ = {isa = PBXBuildFile; fileRef = 032A63D51C484D38008E1A40 /* LoginViewPresenter.swift */; };
		032A8C661C6976B3003F6A19 /* PhotoEndpoint.swift in Sources */ = {isa = PBXBuildFile; fileRef = 032A8C651C6976B3003F6A19 /* PhotoEndpoint.swift */; };
		032D776B1C78F6A000666457 /* DraftsViewController.swift in Sources */ = {isa = PBXBuildFile; fileRef = 032D776A1C78F6A000666457 /* DraftsViewController.swift */; };
		032D776D1C78F6A700666457 /* DraftsViewModel.swift in Sources */ = {isa = PBXBuildFile; fileRef = 032D776C1C78F6A700666457 /* DraftsViewModel.swift */; };
		032D776F1C78F6B200666457 /* DraftsViewPresenter.swift in Sources */ = {isa = PBXBuildFile; fileRef = 032D776E1C78F6B200666457 /* DraftsViewPresenter.swift */; };
		0335FF671C4886D800E6B105 /* UIButtonExtensions.swift in Sources */ = {isa = PBXBuildFile; fileRef = 0335FF661C4886D800E6B105 /* UIButtonExtensions.swift */; };
		0335FF6A1C488D2600E6B105 /* KeyboardNotable.swift in Sources */ = {isa = PBXBuildFile; fileRef = 0335FF691C488D2600E6B105 /* KeyboardNotable.swift */; };
		0336C8BA1D6BAFE700A5F17E /* VideoView.swift in Sources */ = {isa = PBXBuildFile; fileRef = 0336C8B91D6BAFE700A5F17E /* VideoView.swift */; };
		0336C8C81D6C9F3D00A5F17E /* VideoTrimmerViewController.swift in Sources */ = {isa = PBXBuildFile; fileRef = 0336C8C71D6C9F3D00A5F17E /* VideoTrimmerViewController.swift */; };
		033CBE4F1C7D691E00FED7B7 /* RealmListTransform.swift in Sources */ = {isa = PBXBuildFile; fileRef = 033CBE4E1C7D691E00FED7B7 /* RealmListTransform.swift */; };
		0340E7EA1C48506000C9180A /* Colors.swift in Sources */ = {isa = PBXBuildFile; fileRef = 0340E7E91C48506000C9180A /* Colors.swift */; };
		0340E7EC1C48511800C9180A /* Fonts.swift in Sources */ = {isa = PBXBuildFile; fileRef = 0340E7EB1C48511800C9180A /* Fonts.swift */; };
		0340E7F51C48522000C9180A /* SF-UI-Text-Heavy.otf in Resources */ = {isa = PBXBuildFile; fileRef = 0340E7F01C48522000C9180A /* SF-UI-Text-Heavy.otf */; };
		0340E7F61C48522000C9180A /* SF-UI-Text-Light.otf in Resources */ = {isa = PBXBuildFile; fileRef = 0340E7F11C48522000C9180A /* SF-UI-Text-Light.otf */; };
		0340E7F71C48522000C9180A /* SF-UI-Text-Medium.otf in Resources */ = {isa = PBXBuildFile; fileRef = 0340E7F21C48522000C9180A /* SF-UI-Text-Medium.otf */; };
		0340E7F81C48522000C9180A /* SF-UI-Text-Regular.otf in Resources */ = {isa = PBXBuildFile; fileRef = 0340E7F31C48522000C9180A /* SF-UI-Text-Regular.otf */; };
		0340E7F91C48522000C9180A /* SF-UI-Text-Semibold.otf in Resources */ = {isa = PBXBuildFile; fileRef = 0340E7F41C48522000C9180A /* SF-UI-Text-Semibold.otf */; };
		034134981C90775400B9D660 /* UIImageExtensions.swift in Sources */ = {isa = PBXBuildFile; fileRef = 034134971C90775400B9D660 /* UIImageExtensions.swift */; };
		0344AE1E1C4B11630084C99B /* Error.swift in Sources */ = {isa = PBXBuildFile; fileRef = 0344AE1D1C4B11630084C99B /* Error.swift */; };
		0350D5421C62D0800054A8DA /* FramesViewController.swift in Sources */ = {isa = PBXBuildFile; fileRef = 0350D5411C62D0800054A8DA /* FramesViewController.swift */; };
		0350D5441C62D08A0054A8DA /* FramesViewModel.swift in Sources */ = {isa = PBXBuildFile; fileRef = 0350D5431C62D0890054A8DA /* FramesViewModel.swift */; };
		0350D5461C62D0940054A8DA /* FramesViewPresenter.swift in Sources */ = {isa = PBXBuildFile; fileRef = 0350D5451C62D0940054A8DA /* FramesViewPresenter.swift */; };
		0354CFF320348A9800698E4C /* GIF2MP4.swift in Sources */ = {isa = PBXBuildFile; fileRef = 0354CFF220348A9800698E4C /* GIF2MP4.swift */; };
		035A31EC1C6ADB25002AB253 /* AlamofireExtensions.swift in Sources */ = {isa = PBXBuildFile; fileRef = 035A31EB1C6ADB25002AB253 /* AlamofireExtensions.swift */; };
		035A31EE1C6AEC8F002AB253 /* File.swift in Sources */ = {isa = PBXBuildFile; fileRef = 035A31ED1C6AEC8F002AB253 /* File.swift */; };
		035A31F01C6AEEA8002AB253 /* Photo.swift in Sources */ = {isa = PBXBuildFile; fileRef = 035A31EF1C6AEEA8002AB253 /* Photo.swift */; };
		035A31F21C6AFC76002AB253 /* NSDataExtensions.swift in Sources */ = {isa = PBXBuildFile; fileRef = 035A31F11C6AFC76002AB253 /* NSDataExtensions.swift */; };
		035A31F41C6B0CD0002AB253 /* RXCocoaExtensions.swift in Sources */ = {isa = PBXBuildFile; fileRef = 035A31F31C6B0CD0002AB253 /* RXCocoaExtensions.swift */; };
		035C4E641C9E38D20082B5EA /* SignatureViewController.swift in Sources */ = {isa = PBXBuildFile; fileRef = 035C4E631C9E38D20082B5EA /* SignatureViewController.swift */; };
		035C4E661C9E38DB0082B5EA /* SignatureViewModel.swift in Sources */ = {isa = PBXBuildFile; fileRef = 035C4E651C9E38DB0082B5EA /* SignatureViewModel.swift */; };
		035C4E681C9E38E30082B5EA /* SignatureViewPresenter.swift in Sources */ = {isa = PBXBuildFile; fileRef = 035C4E671C9E38E30082B5EA /* SignatureViewPresenter.swift */; };
		0363479D1D82F7CE0034226B /* PhotoboothViewController.swift in Sources */ = {isa = PBXBuildFile; fileRef = 0363479C1D82F7CE0034226B /* PhotoboothViewController.swift */; };
		036347A01D82F7E20034226B /* PhotoboothViewModel.swift in Sources */ = {isa = PBXBuildFile; fileRef = 0363479F1D82F7E20034226B /* PhotoboothViewModel.swift */; };
		036347A21D82F7EB0034226B /* PhotoboothViewPresenter.swift in Sources */ = {isa = PBXBuildFile; fileRef = 036347A11D82F7EB0034226B /* PhotoboothViewPresenter.swift */; };
		036347A51D8320270034226B /* PhotoboothSendViewController.swift in Sources */ = {isa = PBXBuildFile; fileRef = 036347A41D8320270034226B /* PhotoboothSendViewController.swift */; };
		036347A91D83204A0034226B /* PhotoboothSendViewPresenter.swift in Sources */ = {isa = PBXBuildFile; fileRef = 036347A81D83204A0034226B /* PhotoboothSendViewPresenter.swift */; };
		0366FDAD1C48BA5400EDBAA9 /* HomeViewController.swift in Sources */ = {isa = PBXBuildFile; fileRef = 0366FDAC1C48BA5400EDBAA9 /* HomeViewController.swift */; };
		0366FDAF1C48BA5D00EDBAA9 /* HomeViewModel.swift in Sources */ = {isa = PBXBuildFile; fileRef = 0366FDAE1C48BA5D00EDBAA9 /* HomeViewModel.swift */; };
		0366FDB11C48BA6700EDBAA9 /* HomeViewPresenter.swift in Sources */ = {isa = PBXBuildFile; fileRef = 0366FDB01C48BA6700EDBAA9 /* HomeViewPresenter.swift */; };
		0366FDB31C48BD1900EDBAA9 /* OptionalExtensions.swift in Sources */ = {isa = PBXBuildFile; fileRef = 0366FDB21C48BD1900EDBAA9 /* OptionalExtensions.swift */; };
		0366FDB51C48CA4A00EDBAA9 /* ColorExtensions.swift in Sources */ = {isa = PBXBuildFile; fileRef = 0366FDB41C48CA4A00EDBAA9 /* ColorExtensions.swift */; };
		036B37EA1C639B2400BC3195 /* Input.swift in Sources */ = {isa = PBXBuildFile; fileRef = 036B37E91C639B2400BC3195 /* Input.swift */; };
		0383F0BF1C6CC06A000223EC /* ShareConfirmViewController.swift in Sources */ = {isa = PBXBuildFile; fileRef = 0383F0BE1C6CC06A000223EC /* ShareConfirmViewController.swift */; };
		0383F0C11C6CC076000223EC /* ShareConfirmViewModel.swift in Sources */ = {isa = PBXBuildFile; fileRef = 0383F0C01C6CC076000223EC /* ShareConfirmViewModel.swift */; };
		0383F0C31C6CC081000223EC /* ShareConfirmViewPresenter.swift in Sources */ = {isa = PBXBuildFile; fileRef = 0383F0C21C6CC081000223EC /* ShareConfirmViewPresenter.swift */; };
		0388B0571EFDA64F00561D67 /* Environment.swift in Sources */ = {isa = PBXBuildFile; fileRef = 0388B0561EFDA64F00561D67 /* Environment.swift */; };
		03BB44B81C48B16000503026 /* User.swift in Sources */ = {isa = PBXBuildFile; fileRef = 03BB44B71C48B16000503026 /* User.swift */; };
		03BBF7601CF5030700E4E488 /* SignupViewController.swift in Sources */ = {isa = PBXBuildFile; fileRef = 03BBF75F1CF5030700E4E488 /* SignupViewController.swift */; };
		03BBF7621CF5031100E4E488 /* SignupViewModel.swift in Sources */ = {isa = PBXBuildFile; fileRef = 03BBF7611CF5031100E4E488 /* SignupViewModel.swift */; };
		03BBF7641CF5031900E4E488 /* SignupViewPresenter.swift in Sources */ = {isa = PBXBuildFile; fileRef = 03BBF7631CF5031900E4E488 /* SignupViewPresenter.swift */; };
		03C3283F1C63146B00B4430F /* BaseCollectionViewCell.swift in Sources */ = {isa = PBXBuildFile; fileRef = 03C3283E1C63146B00B4430F /* BaseCollectionViewCell.swift */; };
		03C328421C63221D00B4430F /* ShareOptionsViewController.swift in Sources */ = {isa = PBXBuildFile; fileRef = 03C328411C63221D00B4430F /* ShareOptionsViewController.swift */; };
		03C328441C63222B00B4430F /* ShareOptionsViewModel.swift in Sources */ = {isa = PBXBuildFile; fileRef = 03C328431C63222B00B4430F /* ShareOptionsViewModel.swift */; };
		03C328461C63223D00B4430F /* ShareOptionsViewPresenter.swift in Sources */ = {isa = PBXBuildFile; fileRef = 03C328451C63223D00B4430F /* ShareOptionsViewPresenter.swift */; };
		03C328481C63229600B4430F /* Draft.swift in Sources */ = {isa = PBXBuildFile; fileRef = 03C328471C63229600B4430F /* Draft.swift */; };
		03C3E7A91C4B001F0099DE97 /* Endpoint.swift in Sources */ = {isa = PBXBuildFile; fileRef = 03C3E7A81C4B001F0099DE97 /* Endpoint.swift */; };
		03CFCECD1C61C7B500999EB7 /* SessionEndpoint.swift in Sources */ = {isa = PBXBuildFile; fileRef = 03CFCECC1C61C7B500999EB7 /* SessionEndpoint.swift */; };
		03CFCECF1C61C7C300999EB7 /* EventEndpoint.swift in Sources */ = {isa = PBXBuildFile; fileRef = 03CFCECE1C61C7C300999EB7 /* EventEndpoint.swift */; };
		03CFCED11C61C9D600999EB7 /* Sticker.swift in Sources */ = {isa = PBXBuildFile; fileRef = 03CFCED01C61C9D600999EB7 /* Sticker.swift */; };
		03DAC0281C59AECE00721F43 /* ImagePickerExtensions.swift in Sources */ = {isa = PBXBuildFile; fileRef = 03DAC0271C59AECE00721F43 /* ImagePickerExtensions.swift */; };
		03E010BC1E527BDA005D7578 /* JSONExtensions.swift in Sources */ = {isa = PBXBuildFile; fileRef = 03E010BB1E527BDA005D7578 /* JSONExtensions.swift */; };
		03EC860B1C4CACF6000E1FD8 /* RealmExtensions.swift in Sources */ = {isa = PBXBuildFile; fileRef = 03EC860A1C4CACF6000E1FD8 /* RealmExtensions.swift */; };
		03F1C17B1CA2CDA900B8E84B /* AppNotable.swift in Sources */ = {isa = PBXBuildFile; fileRef = 03F1C17A1CA2CDA900B8E84B /* AppNotable.swift */; };
		03F68C521D64884C0037556E /* Crop.swift in Sources */ = {isa = PBXBuildFile; fileRef = 03F68C511D64884C0037556E /* Crop.swift */; };
		E9B4D4EAC41554BA5E91DEDD /* Pods_SnapifeyePro.framework in Frameworks */ = {isa = PBXBuildFile; fileRef = 9D416F2810D524A0523DE62F /* Pods_SnapifeyePro.framework */; };
/* End PBXBuildFile section */

/* Begin PBXCopyFilesBuildPhase section */
		0335FF6D1C48914500E6B105 /* Embed Frameworks */ = {
			isa = PBXCopyFilesBuildPhase;
			buildActionMask = 2147483647;
			dstPath = "";
			dstSubfolderSpec = 10;
			files = (
			);
			name = "Embed Frameworks";
			runOnlyForDeploymentPostprocessing = 0;
		};
/* End PBXCopyFilesBuildPhase section */

/* Begin PBXFileReference section */
		031CB57E1C512B4800C03253 /* Event.swift */ = {isa = PBXFileReference; fileEncoding = 4; lastKnownFileType = sourcecode.swift; path = Event.swift; sourceTree = "<group>"; };
		031CB5801C512F7900C03253 /* StringObject.swift */ = {isa = PBXFileReference; fileEncoding = 4; lastKnownFileType = sourcecode.swift; path = StringObject.swift; sourceTree = "<group>"; };
		031CB5831C51320F00C03253 /* EventsViewController.swift */ = {isa = PBXFileReference; fileEncoding = 4; lastKnownFileType = sourcecode.swift; path = EventsViewController.swift; sourceTree = "<group>"; };
		031CB5851C51321A00C03253 /* EventsViewModel.swift */ = {isa = PBXFileReference; fileEncoding = 4; lastKnownFileType = sourcecode.swift; path = EventsViewModel.swift; sourceTree = "<group>"; };
		031CB5871C51322800C03253 /* EventsViewPresenter.swift */ = {isa = PBXFileReference; fileEncoding = 4; lastKnownFileType = sourcecode.swift; path = EventsViewPresenter.swift; sourceTree = "<group>"; };
		031CB5891C513A0D00C03253 /* BaseTableViewCell.swift */ = {isa = PBXFileReference; fileEncoding = 4; lastKnownFileType = sourcecode.swift; path = BaseTableViewCell.swift; sourceTree = "<group>"; };
		031CB58B1C513DFE00C03253 /* ObservableExtensions.swift */ = {isa = PBXFileReference; fileEncoding = 4; lastKnownFileType = sourcecode.swift; path = ObservableExtensions.swift; sourceTree = "<group>"; };
		0324B5F51C7D6F4800B786D8 /* CustomTransform.swift */ = {isa = PBXFileReference; fileEncoding = 4; lastKnownFileType = sourcecode.swift; path = CustomTransform.swift; sourceTree = "<group>"; };
		0324B5F71C7D779400B786D8 /* UIViewExtensions.swift */ = {isa = PBXFileReference; fileEncoding = 4; lastKnownFileType = sourcecode.swift; path = UIViewExtensions.swift; sourceTree = "<group>"; };
		0324B5F91C7D883800B786D8 /* ArrayExtensions.swift */ = {isa = PBXFileReference; fileEncoding = 4; lastKnownFileType = sourcecode.swift; path = ArrayExtensions.swift; sourceTree = "<group>"; };
		0324B5FB1C7D975C00B786D8 /* StringExtensions.swift */ = {isa = PBXFileReference; fileEncoding = 4; lastKnownFileType = sourcecode.swift; path = StringExtensions.swift; sourceTree = "<group>"; };
		0324E5181C8D29BD00472DC9 /* PhotoRollViewController.swift */ = {isa = PBXFileReference; fileEncoding = 4; lastKnownFileType = sourcecode.swift; path = PhotoRollViewController.swift; sourceTree = "<group>"; };
		0324E51A1C8D29C900472DC9 /* PhotoRollViewModel.swift */ = {isa = PBXFileReference; fileEncoding = 4; lastKnownFileType = sourcecode.swift; path = PhotoRollViewModel.swift; sourceTree = "<group>"; };
		0324E51C1C8D29D200472DC9 /* PhotoRollViewPresenter.swift */ = {isa = PBXFileReference; fileEncoding = 4; lastKnownFileType = sourcecode.swift; path = PhotoRollViewPresenter.swift; sourceTree = "<group>"; };
		032A63AF1C4847F4008E1A40 /* Snapifeye.app */ = {isa = PBXFileReference; explicitFileType = wrapper.application; includeInIndex = 0; path = Snapifeye.app; sourceTree = BUILT_PRODUCTS_DIR; };
		032A63B21C4847F4008E1A40 /* AppDelegate.swift */ = {isa = PBXFileReference; lastKnownFileType = sourcecode.swift; path = AppDelegate.swift; sourceTree = "<group>"; };
		032A63B91C4847F4008E1A40 /* Assets.xcassets */ = {isa = PBXFileReference; lastKnownFileType = folder.assetcatalog; path = Assets.xcassets; sourceTree = "<group>"; };
		032A63BC1C4847F4008E1A40 /* Base */ = {isa = PBXFileReference; lastKnownFileType = file.storyboard; name = Base; path = Base.lproj/LaunchScreen.storyboard; sourceTree = "<group>"; };
		032A63BE1C4847F4008E1A40 /* Info.plist */ = {isa = PBXFileReference; lastKnownFileType = text.plist.xml; path = Info.plist; sourceTree = "<group>"; };
		032A63C81C484C0A008E1A40 /* BaseNavigationController.swift */ = {isa = PBXFileReference; fileEncoding = 4; lastKnownFileType = sourcecode.swift; path = BaseNavigationController.swift; sourceTree = "<group>"; };
		032A63C91C484C0A008E1A40 /* ViewModel.swift */ = {isa = PBXFileReference; fileEncoding = 4; lastKnownFileType = sourcecode.swift; path = ViewModel.swift; sourceTree = "<group>"; };
		032A63CA1C484C0A008E1A40 /* ViewPresenter.swift */ = {isa = PBXFileReference; fileEncoding = 4; lastKnownFileType = sourcecode.swift; path = ViewPresenter.swift; sourceTree = "<group>"; };
		032A63CE1C484C10008E1A40 /* Constants.swift */ = {isa = PBXFileReference; fileEncoding = 4; lastKnownFileType = sourcecode.swift; path = Constants.swift; sourceTree = "<group>"; };
		032A63D01C484C7D008E1A40 /* LoginViewController.swift */ = {isa = PBXFileReference; fileEncoding = 4; lastKnownFileType = sourcecode.swift; path = LoginViewController.swift; sourceTree = "<group>"; };
		032A63D21C484CD8008E1A40 /* LoginViewModel.swift */ = {isa = PBXFileReference; fileEncoding = 4; lastKnownFileType = sourcecode.swift; path = LoginViewModel.swift; sourceTree = "<group>"; };
		032A63D51C484D38008E1A40 /* LoginViewPresenter.swift */ = {isa = PBXFileReference; fileEncoding = 4; lastKnownFileType = sourcecode.swift; path = LoginViewPresenter.swift; sourceTree = "<group>"; };
		032A8C651C6976B3003F6A19 /* PhotoEndpoint.swift */ = {isa = PBXFileReference; fileEncoding = 4; lastKnownFileType = sourcecode.swift; path = PhotoEndpoint.swift; sourceTree = "<group>"; };
		032D776A1C78F6A000666457 /* DraftsViewController.swift */ = {isa = PBXFileReference; fileEncoding = 4; lastKnownFileType = sourcecode.swift; path = DraftsViewController.swift; sourceTree = "<group>"; };
		032D776C1C78F6A700666457 /* DraftsViewModel.swift */ = {isa = PBXFileReference; fileEncoding = 4; lastKnownFileType = sourcecode.swift; path = DraftsViewModel.swift; sourceTree = "<group>"; };
		032D776E1C78F6B200666457 /* DraftsViewPresenter.swift */ = {isa = PBXFileReference; fileEncoding = 4; lastKnownFileType = sourcecode.swift; path = DraftsViewPresenter.swift; sourceTree = "<group>"; };
		0335FF661C4886D800E6B105 /* UIButtonExtensions.swift */ = {isa = PBXFileReference; fileEncoding = 4; lastKnownFileType = sourcecode.swift; path = UIButtonExtensions.swift; sourceTree = "<group>"; };
		0335FF691C488D2600E6B105 /* KeyboardNotable.swift */ = {isa = PBXFileReference; fileEncoding = 4; lastKnownFileType = sourcecode.swift; path = KeyboardNotable.swift; sourceTree = "<group>"; };
		0336C8B91D6BAFE700A5F17E /* VideoView.swift */ = {isa = PBXFileReference; fileEncoding = 4; lastKnownFileType = sourcecode.swift; path = VideoView.swift; sourceTree = "<group>"; };
		0336C8C71D6C9F3D00A5F17E /* VideoTrimmerViewController.swift */ = {isa = PBXFileReference; fileEncoding = 4; lastKnownFileType = sourcecode.swift; path = VideoTrimmerViewController.swift; sourceTree = "<group>"; };
		0336C8C91D6CAB3700A5F17E /* SnapifeyePro-Bridging-Header.h */ = {isa = PBXFileReference; lastKnownFileType = sourcecode.c.h; path = "SnapifeyePro-Bridging-Header.h"; sourceTree = "<group>"; };
		033CBE4E1C7D691E00FED7B7 /* RealmListTransform.swift */ = {isa = PBXFileReference; fileEncoding = 4; lastKnownFileType = sourcecode.swift; path = RealmListTransform.swift; sourceTree = "<group>"; };
		0340E7E91C48506000C9180A /* Colors.swift */ = {isa = PBXFileReference; fileEncoding = 4; lastKnownFileType = sourcecode.swift; path = Colors.swift; sourceTree = "<group>"; };
		0340E7EB1C48511800C9180A /* Fonts.swift */ = {isa = PBXFileReference; fileEncoding = 4; lastKnownFileType = sourcecode.swift; path = Fonts.swift; sourceTree = "<group>"; };
		0340E7F01C48522000C9180A /* SF-UI-Text-Heavy.otf */ = {isa = PBXFileReference; lastKnownFileType = file; path = "SF-UI-Text-Heavy.otf"; sourceTree = "<group>"; };
		0340E7F11C48522000C9180A /* SF-UI-Text-Light.otf */ = {isa = PBXFileReference; lastKnownFileType = file; path = "SF-UI-Text-Light.otf"; sourceTree = "<group>"; };
		0340E7F21C48522000C9180A /* SF-UI-Text-Medium.otf */ = {isa = PBXFileReference; lastKnownFileType = file; path = "SF-UI-Text-Medium.otf"; sourceTree = "<group>"; };
		0340E7F31C48522000C9180A /* SF-UI-Text-Regular.otf */ = {isa = PBXFileReference; lastKnownFileType = file; path = "SF-UI-Text-Regular.otf"; sourceTree = "<group>"; };
		0340E7F41C48522000C9180A /* SF-UI-Text-Semibold.otf */ = {isa = PBXFileReference; lastKnownFileType = file; path = "SF-UI-Text-Semibold.otf"; sourceTree = "<group>"; };
		034134971C90775400B9D660 /* UIImageExtensions.swift */ = {isa = PBXFileReference; fileEncoding = 4; lastKnownFileType = sourcecode.swift; path = UIImageExtensions.swift; sourceTree = "<group>"; };
		0344AE1D1C4B11630084C99B /* Error.swift */ = {isa = PBXFileReference; fileEncoding = 4; lastKnownFileType = sourcecode.swift; path = Error.swift; sourceTree = "<group>"; };
		0350D5411C62D0800054A8DA /* FramesViewController.swift */ = {isa = PBXFileReference; fileEncoding = 4; lastKnownFileType = sourcecode.swift; path = FramesViewController.swift; sourceTree = "<group>"; };
		0350D5431C62D0890054A8DA /* FramesViewModel.swift */ = {isa = PBXFileReference; fileEncoding = 4; lastKnownFileType = sourcecode.swift; path = FramesViewModel.swift; sourceTree = "<group>"; };
		0350D5451C62D0940054A8DA /* FramesViewPresenter.swift */ = {isa = PBXFileReference; fileEncoding = 4; lastKnownFileType = sourcecode.swift; path = FramesViewPresenter.swift; sourceTree = "<group>"; };
		0354CFF220348A9800698E4C /* GIF2MP4.swift */ = {isa = PBXFileReference; lastKnownFileType = sourcecode.swift; path = GIF2MP4.swift; sourceTree = "<group>"; };
		035A31EB1C6ADB25002AB253 /* AlamofireExtensions.swift */ = {isa = PBXFileReference; fileEncoding = 4; lastKnownFileType = sourcecode.swift; path = AlamofireExtensions.swift; sourceTree = "<group>"; };
		035A31ED1C6AEC8F002AB253 /* File.swift */ = {isa = PBXFileReference; fileEncoding = 4; lastKnownFileType = sourcecode.swift; path = File.swift; sourceTree = "<group>"; };
		035A31EF1C6AEEA8002AB253 /* Photo.swift */ = {isa = PBXFileReference; fileEncoding = 4; lastKnownFileType = sourcecode.swift; path = Photo.swift; sourceTree = "<group>"; };
		035A31F11C6AFC76002AB253 /* NSDataExtensions.swift */ = {isa = PBXFileReference; fileEncoding = 4; lastKnownFileType = sourcecode.swift; path = NSDataExtensions.swift; sourceTree = "<group>"; };
		035A31F31C6B0CD0002AB253 /* RXCocoaExtensions.swift */ = {isa = PBXFileReference; fileEncoding = 4; lastKnownFileType = sourcecode.swift; path = RXCocoaExtensions.swift; sourceTree = "<group>"; };
		035C4E631C9E38D20082B5EA /* SignatureViewController.swift */ = {isa = PBXFileReference; fileEncoding = 4; lastKnownFileType = sourcecode.swift; path = SignatureViewController.swift; sourceTree = "<group>"; };
		035C4E651C9E38DB0082B5EA /* SignatureViewModel.swift */ = {isa = PBXFileReference; fileEncoding = 4; lastKnownFileType = sourcecode.swift; path = SignatureViewModel.swift; sourceTree = "<group>"; };
		035C4E671C9E38E30082B5EA /* SignatureViewPresenter.swift */ = {isa = PBXFileReference; fileEncoding = 4; lastKnownFileType = sourcecode.swift; path = SignatureViewPresenter.swift; sourceTree = "<group>"; };
		0363479C1D82F7CE0034226B /* PhotoboothViewController.swift */ = {isa = PBXFileReference; fileEncoding = 4; lastKnownFileType = sourcecode.swift; path = PhotoboothViewController.swift; sourceTree = "<group>"; };
		0363479F1D82F7E20034226B /* PhotoboothViewModel.swift */ = {isa = PBXFileReference; fileEncoding = 4; lastKnownFileType = sourcecode.swift; path = PhotoboothViewModel.swift; sourceTree = "<group>"; };
		036347A11D82F7EB0034226B /* PhotoboothViewPresenter.swift */ = {isa = PBXFileReference; fileEncoding = 4; lastKnownFileType = sourcecode.swift; path = PhotoboothViewPresenter.swift; sourceTree = "<group>"; };
		036347A41D8320270034226B /* PhotoboothSendViewController.swift */ = {isa = PBXFileReference; fileEncoding = 4; lastKnownFileType = sourcecode.swift; path = PhotoboothSendViewController.swift; sourceTree = "<group>"; };
		036347A81D83204A0034226B /* PhotoboothSendViewPresenter.swift */ = {isa = PBXFileReference; fileEncoding = 4; lastKnownFileType = sourcecode.swift; path = PhotoboothSendViewPresenter.swift; sourceTree = "<group>"; };
		0366FDAC1C48BA5400EDBAA9 /* HomeViewController.swift */ = {isa = PBXFileReference; fileEncoding = 4; lastKnownFileType = sourcecode.swift; path = HomeViewController.swift; sourceTree = "<group>"; };
		0366FDAE1C48BA5D00EDBAA9 /* HomeViewModel.swift */ = {isa = PBXFileReference; fileEncoding = 4; lastKnownFileType = sourcecode.swift; path = HomeViewModel.swift; sourceTree = "<group>"; };
		0366FDB01C48BA6700EDBAA9 /* HomeViewPresenter.swift */ = {isa = PBXFileReference; fileEncoding = 4; lastKnownFileType = sourcecode.swift; path = HomeViewPresenter.swift; sourceTree = "<group>"; };
		0366FDB21C48BD1900EDBAA9 /* OptionalExtensions.swift */ = {isa = PBXFileReference; fileEncoding = 4; lastKnownFileType = sourcecode.swift; path = OptionalExtensions.swift; sourceTree = "<group>"; };
		0366FDB41C48CA4A00EDBAA9 /* ColorExtensions.swift */ = {isa = PBXFileReference; fileEncoding = 4; lastKnownFileType = sourcecode.swift; path = ColorExtensions.swift; sourceTree = "<group>"; };
		036B37E91C639B2400BC3195 /* Input.swift */ = {isa = PBXFileReference; fileEncoding = 4; lastKnownFileType = sourcecode.swift; path = Input.swift; sourceTree = "<group>"; };
		0383F0BE1C6CC06A000223EC /* ShareConfirmViewController.swift */ = {isa = PBXFileReference; fileEncoding = 4; lastKnownFileType = sourcecode.swift; path = ShareConfirmViewController.swift; sourceTree = "<group>"; };
		0383F0C01C6CC076000223EC /* ShareConfirmViewModel.swift */ = {isa = PBXFileReference; fileEncoding = 4; lastKnownFileType = sourcecode.swift; path = ShareConfirmViewModel.swift; sourceTree = "<group>"; };
		0383F0C21C6CC081000223EC /* ShareConfirmViewPresenter.swift */ = {isa = PBXFileReference; fileEncoding = 4; lastKnownFileType = sourcecode.swift; path = ShareConfirmViewPresenter.swift; sourceTree = "<group>"; };
		0388B0561EFDA64F00561D67 /* Environment.swift */ = {isa = PBXFileReference; fileEncoding = 4; lastKnownFileType = sourcecode.swift; path = Environment.swift; sourceTree = "<group>"; };
		0388B0591EFDA82700561D67 /* snapifeye-production.xcconfig */ = {isa = PBXFileReference; lastKnownFileType = text.xcconfig; path = "snapifeye-production.xcconfig"; sourceTree = "<group>"; };
		0388B05A1EFDA83500561D67 /* brandedcam-production.xcconfig */ = {isa = PBXFileReference; lastKnownFileType = text.xcconfig; path = "brandedcam-production.xcconfig"; sourceTree = "<group>"; };
		03BB44B71C48B16000503026 /* User.swift */ = {isa = PBXFileReference; fileEncoding = 4; lastKnownFileType = sourcecode.swift; path = User.swift; sourceTree = "<group>"; };
		03BBF75F1CF5030700E4E488 /* SignupViewController.swift */ = {isa = PBXFileReference; fileEncoding = 4; lastKnownFileType = sourcecode.swift; path = SignupViewController.swift; sourceTree = "<group>"; };
		03BBF7611CF5031100E4E488 /* SignupViewModel.swift */ = {isa = PBXFileReference; fileEncoding = 4; lastKnownFileType = sourcecode.swift; path = SignupViewModel.swift; sourceTree = "<group>"; };
		03BBF7631CF5031900E4E488 /* SignupViewPresenter.swift */ = {isa = PBXFileReference; fileEncoding = 4; lastKnownFileType = sourcecode.swift; path = SignupViewPresenter.swift; sourceTree = "<group>"; };
		03C3283E1C63146B00B4430F /* BaseCollectionViewCell.swift */ = {isa = PBXFileReference; fileEncoding = 4; lastKnownFileType = sourcecode.swift; path = BaseCollectionViewCell.swift; sourceTree = "<group>"; };
		03C328411C63221D00B4430F /* ShareOptionsViewController.swift */ = {isa = PBXFileReference; fileEncoding = 4; lastKnownFileType = sourcecode.swift; path = ShareOptionsViewController.swift; sourceTree = "<group>"; };
		03C328431C63222B00B4430F /* ShareOptionsViewModel.swift */ = {isa = PBXFileReference; fileEncoding = 4; lastKnownFileType = sourcecode.swift; path = ShareOptionsViewModel.swift; sourceTree = "<group>"; };
		03C328451C63223D00B4430F /* ShareOptionsViewPresenter.swift */ = {isa = PBXFileReference; fileEncoding = 4; lastKnownFileType = sourcecode.swift; path = ShareOptionsViewPresenter.swift; sourceTree = "<group>"; };
		03C328471C63229600B4430F /* Draft.swift */ = {isa = PBXFileReference; fileEncoding = 4; lastKnownFileType = sourcecode.swift; path = Draft.swift; sourceTree = "<group>"; };
		03C3E7A81C4B001F0099DE97 /* Endpoint.swift */ = {isa = PBXFileReference; fileEncoding = 4; lastKnownFileType = sourcecode.swift; path = Endpoint.swift; sourceTree = "<group>"; };
		03CFCECC1C61C7B500999EB7 /* SessionEndpoint.swift */ = {isa = PBXFileReference; fileEncoding = 4; lastKnownFileType = sourcecode.swift; path = SessionEndpoint.swift; sourceTree = "<group>"; };
		03CFCECE1C61C7C300999EB7 /* EventEndpoint.swift */ = {isa = PBXFileReference; fileEncoding = 4; lastKnownFileType = sourcecode.swift; path = EventEndpoint.swift; sourceTree = "<group>"; };
		03CFCED01C61C9D600999EB7 /* Sticker.swift */ = {isa = PBXFileReference; fileEncoding = 4; lastKnownFileType = sourcecode.swift; path = Sticker.swift; sourceTree = "<group>"; };
		03DAC0271C59AECE00721F43 /* ImagePickerExtensions.swift */ = {isa = PBXFileReference; fileEncoding = 4; lastKnownFileType = sourcecode.swift; path = ImagePickerExtensions.swift; sourceTree = "<group>"; };
		03E010BB1E527BDA005D7578 /* JSONExtensions.swift */ = {isa = PBXFileReference; fileEncoding = 4; lastKnownFileType = sourcecode.swift; path = JSONExtensions.swift; sourceTree = "<group>"; };
		03EC860A1C4CACF6000E1FD8 /* RealmExtensions.swift */ = {isa = PBXFileReference; fileEncoding = 4; lastKnownFileType = sourcecode.swift; path = RealmExtensions.swift; sourceTree = "<group>"; };
		03F1C17A1CA2CDA900B8E84B /* AppNotable.swift */ = {isa = PBXFileReference; fileEncoding = 4; lastKnownFileType = sourcecode.swift; path = AppNotable.swift; sourceTree = "<group>"; };
		03F68C511D64884C0037556E /* Crop.swift */ = {isa = PBXFileReference; fileEncoding = 4; lastKnownFileType = sourcecode.swift; path = Crop.swift; sourceTree = "<group>"; };
		9095BB7C975D72A87A833E5A /* Pods-SnapifeyePro.debug-brandedcam.xcconfig */ = {isa = PBXFileReference; includeInIndex = 1; lastKnownFileType = text.xcconfig; name = "Pods-SnapifeyePro.debug-brandedcam.xcconfig"; path = "Pods/Target Support Files/Pods-SnapifeyePro/Pods-SnapifeyePro.debug-brandedcam.xcconfig"; sourceTree = "<group>"; };
		99511D124D467AFD1B944B1E /* Pods-SnapifeyePro.release.xcconfig */ = {isa = PBXFileReference; includeInIndex = 1; lastKnownFileType = text.xcconfig; name = "Pods-SnapifeyePro.release.xcconfig"; path = "Pods/Target Support Files/Pods-SnapifeyePro/Pods-SnapifeyePro.release.xcconfig"; sourceTree = "<group>"; };
		9D416F2810D524A0523DE62F /* Pods_SnapifeyePro.framework */ = {isa = PBXFileReference; explicitFileType = wrapper.framework; includeInIndex = 0; path = Pods_SnapifeyePro.framework; sourceTree = BUILT_PRODUCTS_DIR; };
		A76A4B9598E8075D0BF3B3F8 /* Pods-SnapifeyePro.enterprise-brandedcam.xcconfig */ = {isa = PBXFileReference; includeInIndex = 1; lastKnownFileType = text.xcconfig; name = "Pods-SnapifeyePro.enterprise-brandedcam.xcconfig"; path = "Pods/Target Support Files/Pods-SnapifeyePro/Pods-SnapifeyePro.enterprise-brandedcam.xcconfig"; sourceTree = "<group>"; };
		DFFC6022D81247071CD1A60C /* Pods-SnapifeyePro.enterprise.xcconfig */ = {isa = PBXFileReference; includeInIndex = 1; lastKnownFileType = text.xcconfig; name = "Pods-SnapifeyePro.enterprise.xcconfig"; path = "Pods/Target Support Files/Pods-SnapifeyePro/Pods-SnapifeyePro.enterprise.xcconfig"; sourceTree = "<group>"; };
		E0700C98ED5B9DE8877D285D /* Pods-SnapifeyePro.debug.xcconfig */ = {isa = PBXFileReference; includeInIndex = 1; lastKnownFileType = text.xcconfig; name = "Pods-SnapifeyePro.debug.xcconfig"; path = "Pods/Target Support Files/Pods-SnapifeyePro/Pods-SnapifeyePro.debug.xcconfig"; sourceTree = "<group>"; };
		FB6D611AF886F754376B4E81 /* Pods-SnapifeyePro.release-brandedcam.xcconfig */ = {isa = PBXFileReference; includeInIndex = 1; lastKnownFileType = text.xcconfig; name = "Pods-SnapifeyePro.release-brandedcam.xcconfig"; path = "Pods/Target Support Files/Pods-SnapifeyePro/Pods-SnapifeyePro.release-brandedcam.xcconfig"; sourceTree = "<group>"; };
/* End PBXFileReference section */

/* Begin PBXFrameworksBuildPhase section */
		032A63AC1C4847F4008E1A40 /* Frameworks */ = {
			isa = PBXFrameworksBuildPhase;
			buildActionMask = 2147483647;
			files = (
				E9B4D4EAC41554BA5E91DEDD /* Pods_SnapifeyePro.framework in Frameworks */,
			);
			runOnlyForDeploymentPostprocessing = 0;
		};
/* End PBXFrameworksBuildPhase section */

/* Begin PBXGroup section */
		031CB5821C5131FF00C03253 /* Events */ = {
			isa = PBXGroup;
			children = (
				031CB5831C51320F00C03253 /* EventsViewController.swift */,
				031CB5851C51321A00C03253 /* EventsViewModel.swift */,
				031CB5871C51322800C03253 /* EventsViewPresenter.swift */,
			);
			name = Events;
			sourceTree = "<group>";
		};
		0324B5F11C7D699900B786D8 /* API */ = {
			isa = PBXGroup;
			children = (
				0344AE1D1C4B11630084C99B /* Error.swift */,
				031CB57E1C512B4800C03253 /* Event.swift */,
				03BB44B71C48B16000503026 /* User.swift */,
				035A31EF1C6AEEA8002AB253 /* Photo.swift */,
				03CFCED01C61C9D600999EB7 /* Sticker.swift */,
			);
			name = API;
			sourceTree = "<group>";
		};
		0324B5F21C7D69A700B786D8 /* Client */ = {
			isa = PBXGroup;
			children = (
				03C328471C63229600B4430F /* Draft.swift */,
				031CB5801C512F7900C03253 /* StringObject.swift */,
			);
			name = Client;
			sourceTree = "<group>";
		};
		0324E5171C8D29A600472DC9 /* PhotoRoll */ = {
			isa = PBXGroup;
			children = (
				0324E5181C8D29BD00472DC9 /* PhotoRollViewController.swift */,
				0324E51A1C8D29C900472DC9 /* PhotoRollViewModel.swift */,
				0324E51C1C8D29D200472DC9 /* PhotoRollViewPresenter.swift */,
			);
			name = PhotoRoll;
			sourceTree = "<group>";
		};
		032A63A61C4847F3008E1A40 = {
			isa = PBXGroup;
			children = (
				032A63B11C4847F4008E1A40 /* SnapifeyePro */,
				032A63B01C4847F4008E1A40 /* Products */,
				4D65186FD137EB0CB6FF58D9 /* Pods */,
				9CB0773C26B17516F285321A /* Frameworks */,
			);
			sourceTree = "<group>";
		};
		032A63B01C4847F4008E1A40 /* Products */ = {
			isa = PBXGroup;
			children = (
				032A63AF1C4847F4008E1A40 /* Snapifeye.app */,
			);
			name = Products;
			sourceTree = "<group>";
		};
		032A63B11C4847F4008E1A40 /* SnapifeyePro */ = {
			isa = PBXGroup;
			children = (
				0388B0581EFDA6F800561D67 /* Configs */,
				0336C8C91D6CAB3700A5F17E /* SnapifeyePro-Bridging-Header.h */,
				032A63B21C4847F4008E1A40 /* AppDelegate.swift */,
				032A63CE1C484C10008E1A40 /* Constants.swift */,
				0340E7E91C48506000C9180A /* Colors.swift */,
				0340E7EB1C48511800C9180A /* Fonts.swift */,
				0388B0561EFDA64F00561D67 /* Environment.swift */,
				032A63C41C4849B2008E1A40 /* Bases */,
				033CBE4D1C7D68F600FED7B7 /* Helpers */,
				03EC86091C4CACE4000E1FD8 /* Extensions */,
				03C3E7A71C4AFFFA0099DE97 /* Network */,
				03BB44B61C48B14C00503026 /* Models */,
				032A63C61C4849D6008E1A40 /* Views */,
				032A63C51C4849C0008E1A40 /* ViewControllers */,
				035C4E621C9E38BA0082B5EA /* Signature */,
				0335FF681C488D1400E6B105 /* Lib */,
				0340E7ED1C48522000C9180A /* Resources */,
				032A63B91C4847F4008E1A40 /* Assets.xcassets */,
				032A63BB1C4847F4008E1A40 /* LaunchScreen.storyboard */,
				032A63BE1C4847F4008E1A40 /* Info.plist */,
			);
			path = SnapifeyePro;
			sourceTree = "<group>";
		};
		032A63C41C4849B2008E1A40 /* Bases */ = {
			isa = PBXGroup;
			children = (
				032A63C81C484C0A008E1A40 /* BaseNavigationController.swift */,
				032A63C91C484C0A008E1A40 /* ViewModel.swift */,
				032A63CA1C484C0A008E1A40 /* ViewPresenter.swift */,
				031CB5891C513A0D00C03253 /* BaseTableViewCell.swift */,
				03C3283E1C63146B00B4430F /* BaseCollectionViewCell.swift */,
			);
			name = Bases;
			sourceTree = "<group>";
		};
		032A63C51C4849C0008E1A40 /* ViewControllers */ = {
			isa = PBXGroup;
			children = (
				0363479B1D82F7BA0034226B /* PhotoboothMode */,
				036347A31D831F910034226B /* PhotoboothSend */,
				032A63D41C484D25008E1A40 /* Login */,
				03BBF75E1CF502AA00E4E488 /* Signup */,
				0366FDAB1C48BA4300EDBAA9 /* Home */,
				0324E5171C8D29A600472DC9 /* PhotoRoll */,
				032D77691C78F69300666457 /* Drafts */,
				031CB5821C5131FF00C03253 /* Events */,
				0350D5401C62D06E0054A8DA /* Frames */,
				03C328401C6321D500B4430F /* ShareOptions */,
				0383F0BD1C6CC051000223EC /* ShareConfirm */,
				0336C8C61D6C9F0D00A5F17E /* VideoTrimmer */,
			);
			name = ViewControllers;
			sourceTree = "<group>";
		};
		032A63C61C4849D6008E1A40 /* Views */ = {
			isa = PBXGroup;
			children = (
				0335FF651C4886C500E6B105 /* Components */,
			);
			name = Views;
			sourceTree = "<group>";
		};
		032A63D41C484D25008E1A40 /* Login */ = {
			isa = PBXGroup;
			children = (
				032A63D01C484C7D008E1A40 /* LoginViewController.swift */,
				032A63D21C484CD8008E1A40 /* LoginViewModel.swift */,
				032A63D51C484D38008E1A40 /* LoginViewPresenter.swift */,
			);
			name = Login;
			sourceTree = "<group>";
		};
		032D77691C78F69300666457 /* Drafts */ = {
			isa = PBXGroup;
			children = (
				032D776A1C78F6A000666457 /* DraftsViewController.swift */,
				032D776C1C78F6A700666457 /* DraftsViewModel.swift */,
				032D776E1C78F6B200666457 /* DraftsViewPresenter.swift */,
			);
			name = Drafts;
			sourceTree = "<group>";
		};
		0335FF651C4886C500E6B105 /* Components */ = {
			isa = PBXGroup;
			children = (
				0335FF661C4886D800E6B105 /* UIButtonExtensions.swift */,
				036B37E91C639B2400BC3195 /* Input.swift */,
			);
			name = Components;
			sourceTree = "<group>";
		};
		0335FF681C488D1400E6B105 /* Lib */ = {
			isa = PBXGroup;
			children = (
				0336C8B91D6BAFE700A5F17E /* VideoView.swift */,
				03F68C511D64884C0037556E /* Crop.swift */,
				03F1C17A1CA2CDA900B8E84B /* AppNotable.swift */,
				0335FF691C488D2600E6B105 /* KeyboardNotable.swift */,
				0354CFF220348A9800698E4C /* GIF2MP4.swift */,
			);
			name = Lib;
			sourceTree = "<group>";
		};
		0336C8C61D6C9F0D00A5F17E /* VideoTrimmer */ = {
			isa = PBXGroup;
			children = (
				0336C8C71D6C9F3D00A5F17E /* VideoTrimmerViewController.swift */,
			);
			name = VideoTrimmer;
			sourceTree = "<group>";
		};
		033CBE4D1C7D68F600FED7B7 /* Helpers */ = {
			isa = PBXGroup;
			children = (
				0324B5F51C7D6F4800B786D8 /* CustomTransform.swift */,
				033CBE4E1C7D691E00FED7B7 /* RealmListTransform.swift */,
			);
			name = Helpers;
			sourceTree = "<group>";
		};
		0340E7ED1C48522000C9180A /* Resources */ = {
			isa = PBXGroup;
			children = (
				0340E7EE1C48522000C9180A /* Fonts */,
			);
			path = Resources;
			sourceTree = "<group>";
		};
		0340E7EE1C48522000C9180A /* Fonts */ = {
			isa = PBXGroup;
			children = (
				0340E7EF1C48522000C9180A /* SF */,
			);
			path = Fonts;
			sourceTree = "<group>";
		};
		0340E7EF1C48522000C9180A /* SF */ = {
			isa = PBXGroup;
			children = (
				0340E7F01C48522000C9180A /* SF-UI-Text-Heavy.otf */,
				0340E7F11C48522000C9180A /* SF-UI-Text-Light.otf */,
				0340E7F21C48522000C9180A /* SF-UI-Text-Medium.otf */,
				0340E7F31C48522000C9180A /* SF-UI-Text-Regular.otf */,
				0340E7F41C48522000C9180A /* SF-UI-Text-Semibold.otf */,
			);
			path = SF;
			sourceTree = "<group>";
		};
		0350D5401C62D06E0054A8DA /* Frames */ = {
			isa = PBXGroup;
			children = (
				0350D5411C62D0800054A8DA /* FramesViewController.swift */,
				0350D5431C62D0890054A8DA /* FramesViewModel.swift */,
				0350D5451C62D0940054A8DA /* FramesViewPresenter.swift */,
			);
			name = Frames;
			sourceTree = "<group>";
		};
		035C4E621C9E38BA0082B5EA /* Signature */ = {
			isa = PBXGroup;
			children = (
				035C4E631C9E38D20082B5EA /* SignatureViewController.swift */,
				035C4E651C9E38DB0082B5EA /* SignatureViewModel.swift */,
				035C4E671C9E38E30082B5EA /* SignatureViewPresenter.swift */,
			);
			name = Signature;
			sourceTree = "<group>";
		};
		0363479B1D82F7BA0034226B /* PhotoboothMode */ = {
			isa = PBXGroup;
			children = (
				0363479C1D82F7CE0034226B /* PhotoboothViewController.swift */,
				0363479F1D82F7E20034226B /* PhotoboothViewModel.swift */,
				036347A11D82F7EB0034226B /* PhotoboothViewPresenter.swift */,
			);
			name = PhotoboothMode;
			sourceTree = "<group>";
		};
		036347A31D831F910034226B /* PhotoboothSend */ = {
			isa = PBXGroup;
			children = (
				036347A41D8320270034226B /* PhotoboothSendViewController.swift */,
				036347A81D83204A0034226B /* PhotoboothSendViewPresenter.swift */,
			);
			name = PhotoboothSend;
			sourceTree = "<group>";
		};
		0366FDAB1C48BA4300EDBAA9 /* Home */ = {
			isa = PBXGroup;
			children = (
				0366FDAC1C48BA5400EDBAA9 /* HomeViewController.swift */,
				0366FDAE1C48BA5D00EDBAA9 /* HomeViewModel.swift */,
				0366FDB01C48BA6700EDBAA9 /* HomeViewPresenter.swift */,
			);
			name = Home;
			sourceTree = "<group>";
		};
		0383F0BD1C6CC051000223EC /* ShareConfirm */ = {
			isa = PBXGroup;
			children = (
				0383F0BE1C6CC06A000223EC /* ShareConfirmViewController.swift */,
				0383F0C01C6CC076000223EC /* ShareConfirmViewModel.swift */,
				0383F0C21C6CC081000223EC /* ShareConfirmViewPresenter.swift */,
			);
			name = ShareConfirm;
			sourceTree = "<group>";
		};
		0388B0581EFDA6F800561D67 /* Configs */ = {
			isa = PBXGroup;
			children = (
				0388B0591EFDA82700561D67 /* snapifeye-production.xcconfig */,
				0388B05A1EFDA83500561D67 /* brandedcam-production.xcconfig */,
			);
			name = Configs;
			sourceTree = "<group>";
		};
		03BB44B61C48B14C00503026 /* Models */ = {
			isa = PBXGroup;
			children = (
				0324B5F11C7D699900B786D8 /* API */,
				0324B5F21C7D69A700B786D8 /* Client */,
			);
			name = Models;
			sourceTree = "<group>";
		};
		03BBF75E1CF502AA00E4E488 /* Signup */ = {
			isa = PBXGroup;
			children = (
				03BBF75F1CF5030700E4E488 /* SignupViewController.swift */,
				03BBF7611CF5031100E4E488 /* SignupViewModel.swift */,
				03BBF7631CF5031900E4E488 /* SignupViewPresenter.swift */,
			);
			name = Signup;
			sourceTree = "<group>";
		};
		03C328401C6321D500B4430F /* ShareOptions */ = {
			isa = PBXGroup;
			children = (
				03C328411C63221D00B4430F /* ShareOptionsViewController.swift */,
				03C328431C63222B00B4430F /* ShareOptionsViewModel.swift */,
				03C328451C63223D00B4430F /* ShareOptionsViewPresenter.swift */,
			);
			name = ShareOptions;
			sourceTree = "<group>";
		};
		03C3E7A71C4AFFFA0099DE97 /* Network */ = {
			isa = PBXGroup;
			children = (
				03C3E7A81C4B001F0099DE97 /* Endpoint.swift */,
				035A31ED1C6AEC8F002AB253 /* File.swift */,
				03CFCECC1C61C7B500999EB7 /* SessionEndpoint.swift */,
				03CFCECE1C61C7C300999EB7 /* EventEndpoint.swift */,
				032A8C651C6976B3003F6A19 /* PhotoEndpoint.swift */,
			);
			name = Network;
			sourceTree = "<group>";
		};
		03EC86091C4CACE4000E1FD8 /* Extensions */ = {
			isa = PBXGroup;
			children = (
				0324B5F91C7D883800B786D8 /* ArrayExtensions.swift */,
				0366FDB41C48CA4A00EDBAA9 /* ColorExtensions.swift */,
				0366FDB21C48BD1900EDBAA9 /* OptionalExtensions.swift */,
				03EC860A1C4CACF6000E1FD8 /* RealmExtensions.swift */,
				031CB58B1C513DFE00C03253 /* ObservableExtensions.swift */,
				03DAC0271C59AECE00721F43 /* ImagePickerExtensions.swift */,
				035A31EB1C6ADB25002AB253 /* AlamofireExtensions.swift */,
				035A31F11C6AFC76002AB253 /* NSDataExtensions.swift */,
				035A31F31C6B0CD0002AB253 /* RXCocoaExtensions.swift */,
				0324B5F71C7D779400B786D8 /* UIViewExtensions.swift */,
				0324B5FB1C7D975C00B786D8 /* StringExtensions.swift */,
				034134971C90775400B9D660 /* UIImageExtensions.swift */,
				03E010BB1E527BDA005D7578 /* JSONExtensions.swift */,
			);
			name = Extensions;
			sourceTree = "<group>";
		};
		4D65186FD137EB0CB6FF58D9 /* Pods */ = {
			isa = PBXGroup;
			children = (
				E0700C98ED5B9DE8877D285D /* Pods-SnapifeyePro.debug.xcconfig */,
				99511D124D467AFD1B944B1E /* Pods-SnapifeyePro.release.xcconfig */,
				9095BB7C975D72A87A833E5A /* Pods-SnapifeyePro.debug-brandedcam.xcconfig */,
				FB6D611AF886F754376B4E81 /* Pods-SnapifeyePro.release-brandedcam.xcconfig */,
				DFFC6022D81247071CD1A60C /* Pods-SnapifeyePro.enterprise.xcconfig */,
				A76A4B9598E8075D0BF3B3F8 /* Pods-SnapifeyePro.enterprise-brandedcam.xcconfig */,
			);
			name = Pods;
			sourceTree = "<group>";
		};
		9CB0773C26B17516F285321A /* Frameworks */ = {
			isa = PBXGroup;
			children = (
				9D416F2810D524A0523DE62F /* Pods_SnapifeyePro.framework */,
			);
			name = Frameworks;
			sourceTree = "<group>";
		};
/* End PBXGroup section */

/* Begin PBXNativeTarget section */
		032A63AE1C4847F4008E1A40 /* SnapifeyePro */ = {
			isa = PBXNativeTarget;
			buildConfigurationList = 032A63C11C4847F4008E1A40 /* Build configuration list for PBXNativeTarget "SnapifeyePro" */;
			buildPhases = (
				5F5E0432499F60C45596472B /* [CP] Check Pods Manifest.lock */,
				032A63AB1C4847F4008E1A40 /* Sources */,
				032A63AC1C4847F4008E1A40 /* Frameworks */,
				032A63AD1C4847F4008E1A40 /* Resources */,
				0335FF6D1C48914500E6B105 /* Embed Frameworks */,
				D1502E0C80EA0FFAF31BCA28 /* [CP] Embed Pods Frameworks */,
				324C143A3119B713B4BF1F2F /* [CP] Copy Pods Resources */,
			);
			buildRules = (
			);
			dependencies = (
			);
			name = SnapifeyePro;
			productName = SnapifeyePro;
			productReference = 032A63AF1C4847F4008E1A40 /* Snapifeye.app */;
			productType = "com.apple.product-type.application";
		};
/* End PBXNativeTarget section */

/* Begin PBXProject section */
		032A63A71C4847F3008E1A40 /* Project object */ = {
			isa = PBXProject;
			attributes = {
				LastSwiftUpdateCheck = 0720;
				LastUpgradeCheck = 0720;
				ORGANIZATIONNAME = Snapifeye;
				TargetAttributes = {
					032A63AE1C4847F4008E1A40 = {
						CreatedOnToolsVersion = 7.2;
						DevelopmentTeam = WPBN76YKX2;
					};
				};
			};
			buildConfigurationList = 032A63AA1C4847F3008E1A40 /* Build configuration list for PBXProject "SnapifeyePro" */;
			compatibilityVersion = "Xcode 3.2";
			developmentRegion = English;
			hasScannedForEncodings = 0;
			knownRegions = (
				en,
				Base,
			);
			mainGroup = 032A63A61C4847F3008E1A40;
			productRefGroup = 032A63B01C4847F4008E1A40 /* Products */;
			projectDirPath = "";
			projectRoot = "";
			targets = (
				032A63AE1C4847F4008E1A40 /* SnapifeyePro */,
			);
		};
/* End PBXProject section */

/* Begin PBXResourcesBuildPhase section */
		032A63AD1C4847F4008E1A40 /* Resources */ = {
			isa = PBXResourcesBuildPhase;
			buildActionMask = 2147483647;
			files = (
				0340E7F91C48522000C9180A /* SF-UI-Text-Semibold.otf in Resources */,
				0340E7F51C48522000C9180A /* SF-UI-Text-Heavy.otf in Resources */,
				032A63BD1C4847F4008E1A40 /* LaunchScreen.storyboard in Resources */,
				0340E7F81C48522000C9180A /* SF-UI-Text-Regular.otf in Resources */,
				0340E7F61C48522000C9180A /* SF-UI-Text-Light.otf in Resources */,
				0340E7F71C48522000C9180A /* SF-UI-Text-Medium.otf in Resources */,
				032A63BA1C4847F4008E1A40 /* Assets.xcassets in Resources */,
			);
			runOnlyForDeploymentPostprocessing = 0;
		};
/* End PBXResourcesBuildPhase section */

/* Begin PBXShellScriptBuildPhase section */
		324C143A3119B713B4BF1F2F /* [CP] Copy Pods Resources */ = {
			isa = PBXShellScriptBuildPhase;
			buildActionMask = 2147483647;
			files = (
			);
			inputPaths = (
			);
			name = "[CP] Copy Pods Resources";
			outputPaths = (
			);
			runOnlyForDeploymentPostprocessing = 0;
			shellPath = /bin/sh;
			shellScript = "\"${SRCROOT}/Pods/Target Support Files/Pods-SnapifeyePro/Pods-SnapifeyePro-resources.sh\"\n";
			showEnvVarsInLog = 0;
		};
		5F5E0432499F60C45596472B /* [CP] Check Pods Manifest.lock */ = {
			isa = PBXShellScriptBuildPhase;
			buildActionMask = 2147483647;
			files = (
			);
			inputPaths = (
			);
			name = "[CP] Check Pods Manifest.lock";
			outputPaths = (
			);
			runOnlyForDeploymentPostprocessing = 0;
			shellPath = /bin/sh;
			shellScript = "diff \"${PODS_PODFILE_DIR_PATH}/Podfile.lock\" \"${PODS_ROOT}/Manifest.lock\" > /dev/null\nif [ $? != 0 ] ; then\n    # print error to STDERR\n    echo \"error: The sandbox is not in sync with the Podfile.lock. Run 'pod install' or update your CocoaPods installation.\" >&2\n    exit 1\nfi\n";
			showEnvVarsInLog = 0;
		};
		D1502E0C80EA0FFAF31BCA28 /* [CP] Embed Pods Frameworks */ = {
			isa = PBXShellScriptBuildPhase;
			buildActionMask = 2147483647;
			files = (
			);
			inputPaths = (
			);
			name = "[CP] Embed Pods Frameworks";
			outputPaths = (
			);
			runOnlyForDeploymentPostprocessing = 0;
			shellPath = /bin/sh;
			shellScript = "\"${SRCROOT}/Pods/Target Support Files/Pods-SnapifeyePro/Pods-SnapifeyePro-frameworks.sh\"\n";
			showEnvVarsInLog = 0;
		};
/* End PBXShellScriptBuildPhase section */

/* Begin PBXSourcesBuildPhase section */
		032A63AB1C4847F4008E1A40 /* Sources */ = {
			isa = PBXSourcesBuildPhase;
			buildActionMask = 2147483647;
			files = (
				035A31F41C6B0CD0002AB253 /* RXCocoaExtensions.swift in Sources */,
				031CB5881C51322800C03253 /* EventsViewPresenter.swift in Sources */,
				03C328461C63223D00B4430F /* ShareOptionsViewPresenter.swift in Sources */,
				032A63D11C484C7D008E1A40 /* LoginViewController.swift in Sources */,
				0340E7EA1C48506000C9180A /* Colors.swift in Sources */,
				0335FF6A1C488D2600E6B105 /* KeyboardNotable.swift in Sources */,
				031CB58A1C513A0D00C03253 /* BaseTableViewCell.swift in Sources */,
				032A63B31C4847F4008E1A40 /* AppDelegate.swift in Sources */,
				03BBF7621CF5031100E4E488 /* SignupViewModel.swift in Sources */,
				034134981C90775400B9D660 /* UIImageExtensions.swift in Sources */,
				0324B5F61C7D6F4800B786D8 /* CustomTransform.swift in Sources */,
				036347A51D8320270034226B /* PhotoboothSendViewController.swift in Sources */,
				0383F0C31C6CC081000223EC /* ShareConfirmViewPresenter.swift in Sources */,
				032A63CC1C484C0A008E1A40 /* ViewModel.swift in Sources */,
				0366FDB51C48CA4A00EDBAA9 /* ColorExtensions.swift in Sources */,
				032D776F1C78F6B200666457 /* DraftsViewPresenter.swift in Sources */,
				035A31EE1C6AEC8F002AB253 /* File.swift in Sources */,
				0324B5FC1C7D975C00B786D8 /* StringExtensions.swift in Sources */,
				035A31F21C6AFC76002AB253 /* NSDataExtensions.swift in Sources */,
				03E010BC1E527BDA005D7578 /* JSONExtensions.swift in Sources */,
				0366FDAD1C48BA5400EDBAA9 /* HomeViewController.swift in Sources */,
				032A63CB1C484C0A008E1A40 /* BaseNavigationController.swift in Sources */,
				036347A21D82F7EB0034226B /* PhotoboothViewPresenter.swift in Sources */,
				0344AE1E1C4B11630084C99B /* Error.swift in Sources */,
				036347A01D82F7E20034226B /* PhotoboothViewModel.swift in Sources */,
				0363479D1D82F7CE0034226B /* PhotoboothViewController.swift in Sources */,
				0366FDB31C48BD1900EDBAA9 /* OptionalExtensions.swift in Sources */,
				03EC860B1C4CACF6000E1FD8 /* RealmExtensions.swift in Sources */,
				03F1C17B1CA2CDA900B8E84B /* AppNotable.swift in Sources */,
				032A63CD1C484C0A008E1A40 /* ViewPresenter.swift in Sources */,
				033CBE4F1C7D691E00FED7B7 /* RealmListTransform.swift in Sources */,
				03C328481C63229600B4430F /* Draft.swift in Sources */,
				031CB57F1C512B4800C03253 /* Event.swift in Sources */,
				032A8C661C6976B3003F6A19 /* PhotoEndpoint.swift in Sources */,
				035C4E681C9E38E30082B5EA /* SignatureViewPresenter.swift in Sources */,
				035C4E661C9E38DB0082B5EA /* SignatureViewModel.swift in Sources */,
				031CB5811C512F7900C03253 /* StringObject.swift in Sources */,
				032D776B1C78F6A000666457 /* DraftsViewController.swift in Sources */,
				03F68C521D64884C0037556E /* Crop.swift in Sources */,
				03BB44B81C48B16000503026 /* User.swift in Sources */,
				0335FF671C4886D800E6B105 /* UIButtonExtensions.swift in Sources */,
				036347A91D83204A0034226B /* PhotoboothSendViewPresenter.swift in Sources */,
				0324E51B1C8D29C900472DC9 /* PhotoRollViewModel.swift in Sources */,
				0350D5441C62D08A0054A8DA /* FramesViewModel.swift in Sources */,
				036B37EA1C639B2400BC3195 /* Input.swift in Sources */,
				032D776D1C78F6A700666457 /* DraftsViewModel.swift in Sources */,
				03C3E7A91C4B001F0099DE97 /* Endpoint.swift in Sources */,
				0383F0C11C6CC076000223EC /* ShareConfirmViewModel.swift in Sources */,
				0350D5421C62D0800054A8DA /* FramesViewController.swift in Sources */,
				0354CFF320348A9800698E4C /* GIF2MP4.swift in Sources */,
				03DAC0281C59AECE00721F43 /* ImagePickerExtensions.swift in Sources */,
				0324E51D1C8D29D200472DC9 /* PhotoRollViewPresenter.swift in Sources */,
				035C4E641C9E38D20082B5EA /* SignatureViewController.swift in Sources */,
				031CB5841C51320F00C03253 /* EventsViewController.swift in Sources */,
				0340E7EC1C48511800C9180A /* Fonts.swift in Sources */,
				035A31EC1C6ADB25002AB253 /* AlamofireExtensions.swift in Sources */,
				032A63CF1C484C10008E1A40 /* Constants.swift in Sources */,
				0324B5FA1C7D883800B786D8 /* ArrayExtensions.swift in Sources */,
				031CB5861C51321A00C03253 /* EventsViewModel.swift in Sources */,
				032A63D31C484CD8008E1A40 /* LoginViewModel.swift in Sources */,
				0324E5191C8D29BD00472DC9 /* PhotoRollViewController.swift in Sources */,
				0366FDAF1C48BA5D00EDBAA9 /* HomeViewModel.swift in Sources */,
				0366FDB11C48BA6700EDBAA9 /* HomeViewPresenter.swift in Sources */,
				03C3283F1C63146B00B4430F /* BaseCollectionViewCell.swift in Sources */,
				03BBF7641CF5031900E4E488 /* SignupViewPresenter.swift in Sources */,
				0336C8C81D6C9F3D00A5F17E /* VideoTrimmerViewController.swift in Sources */,
				0383F0BF1C6CC06A000223EC /* ShareConfirmViewController.swift in Sources */,
				0336C8BA1D6BAFE700A5F17E /* VideoView.swift in Sources */,
				031CB58C1C513DFE00C03253 /* ObservableExtensions.swift in Sources */,
				03CFCECF1C61C7C300999EB7 /* EventEndpoint.swift in Sources */,
				0388B0571EFDA64F00561D67 /* Environment.swift in Sources */,
				03CFCED11C61C9D600999EB7 /* Sticker.swift in Sources */,
				035A31F01C6AEEA8002AB253 /* Photo.swift in Sources */,
				0324B5F81C7D779400B786D8 /* UIViewExtensions.swift in Sources */,
				03BBF7601CF5030700E4E488 /* SignupViewController.swift in Sources */,
				03C328441C63222B00B4430F /* ShareOptionsViewModel.swift in Sources */,
				032A63D61C484D38008E1A40 /* LoginViewPresenter.swift in Sources */,
				03CFCECD1C61C7B500999EB7 /* SessionEndpoint.swift in Sources */,
				03C328421C63221D00B4430F /* ShareOptionsViewController.swift in Sources */,
				0350D5461C62D0940054A8DA /* FramesViewPresenter.swift in Sources */,
			);
			runOnlyForDeploymentPostprocessing = 0;
		};
/* End PBXSourcesBuildPhase section */

/* Begin PBXVariantGroup section */
		032A63BB1C4847F4008E1A40 /* LaunchScreen.storyboard */ = {
			isa = PBXVariantGroup;
			children = (
				032A63BC1C4847F4008E1A40 /* Base */,
			);
			name = LaunchScreen.storyboard;
			sourceTree = "<group>";
		};
/* End PBXVariantGroup section */

/* Begin XCBuildConfiguration section */
		03052FB81FA7E9BF0093C312 /* Debug-Enterprise */ = {
			isa = XCBuildConfiguration;
			baseConfigurationReference = 0388B0591EFDA82700561D67 /* snapifeye-production.xcconfig */;
			buildSettings = {
				ALWAYS_SEARCH_USER_PATHS = NO;
				CLANG_CXX_LANGUAGE_STANDARD = "gnu++0x";
				CLANG_CXX_LIBRARY = "libc++";
				CLANG_ENABLE_MODULES = YES;
				CLANG_ENABLE_OBJC_ARC = YES;
				CLANG_WARN_BOOL_CONVERSION = YES;
				CLANG_WARN_CONSTANT_CONVERSION = YES;
				CLANG_WARN_DIRECT_OBJC_ISA_USAGE = YES_ERROR;
				CLANG_WARN_EMPTY_BODY = YES;
				CLANG_WARN_ENUM_CONVERSION = YES;
				CLANG_WARN_INT_CONVERSION = YES;
				CLANG_WARN_OBJC_ROOT_CLASS = YES_ERROR;
				CLANG_WARN_UNREACHABLE_CODE = YES;
				CLANG_WARN__DUPLICATE_METHOD_MATCH = YES;
				"CODE_SIGN_IDENTITY[sdk=iphoneos*]" = "iPhone Developer";
				COPY_PHASE_STRIP = NO;
				DEBUG_INFORMATION_FORMAT = dwarf;
				ENABLE_STRICT_OBJC_MSGSEND = YES;
				ENABLE_TESTABILITY = YES;
				GCC_C_LANGUAGE_STANDARD = gnu99;
				GCC_DYNAMIC_NO_PIC = NO;
				GCC_NO_COMMON_BLOCKS = YES;
				GCC_OPTIMIZATION_LEVEL = 0;
				GCC_PREPROCESSOR_DEFINITIONS = (
					"DEBUG=1",
					"$(inherited)",
				);
				GCC_WARN_64_TO_32_BIT_CONVERSION = YES;
				GCC_WARN_ABOUT_RETURN_TYPE = YES_ERROR;
				GCC_WARN_UNDECLARED_SELECTOR = YES;
				GCC_WARN_UNINITIALIZED_AUTOS = YES_AGGRESSIVE;
				GCC_WARN_UNUSED_FUNCTION = YES;
				GCC_WARN_UNUSED_VARIABLE = YES;
				IPHONEOS_DEPLOYMENT_TARGET = 9.2;
				MTL_ENABLE_DEBUG_INFO = YES;
				ONLY_ACTIVE_ARCH = YES;
				OTHER_SWIFT_FLAGS = "$(inherited)";
				SDKROOT = iphoneos;
				SWIFT_OPTIMIZATION_LEVEL = "-Onone";
			};
			name = "Debug-Enterprise";
		};
		03052FB91FA7E9BF0093C312 /* Debug-Enterprise */ = {
			isa = XCBuildConfiguration;
			baseConfigurationReference = E0700C98ED5B9DE8877D285D /* Pods-SnapifeyePro.debug.xcconfig */;
			buildSettings = {
				CODE_SIGN_IDENTITY = "iPhone Developer";
				"CODE_SIGN_IDENTITY[sdk=iphoneos*]" = "iPhone Developer";
				DEVELOPMENT_TEAM = WPBN76YKX2;
				ENABLE_BITCODE = YES;
				FRAMEWORK_SEARCH_PATHS = (
					"$(inherited)",
					"$(PROJECT_DIR)/Carthage/Build/iOS",
				);
				INFOPLIST_FILE = SnapifeyePro/Info.plist;
				IPHONEOS_DEPLOYMENT_TARGET = 9.0;
				LD_RUNPATH_SEARCH_PATHS = "$(inherited) @executable_path/Frameworks";
				PROVISIONING_PROFILE_SPECIFIER = "RokkinCat Team";
				SWIFT_OBJC_BRIDGING_HEADER = "SnapifeyePro/SnapifeyePro-Bridging-Header.h";
				SWIFT_VERSION = 3.0;
				TARGETED_DEVICE_FAMILY = "1,2";
			};
			name = "Debug-Enterprise";
		};
		031FEF101F0EFABE00D5B8A2 /* Enterprise */ = {
			isa = XCBuildConfiguration;
			baseConfigurationReference = 0388B0591EFDA82700561D67 /* snapifeye-production.xcconfig */;
			buildSettings = {
				ALWAYS_SEARCH_USER_PATHS = NO;
				CLANG_CXX_LANGUAGE_STANDARD = "gnu++0x";
				CLANG_CXX_LIBRARY = "libc++";
				CLANG_ENABLE_MODULES = YES;
				CLANG_ENABLE_OBJC_ARC = YES;
				CLANG_WARN_BOOL_CONVERSION = YES;
				CLANG_WARN_CONSTANT_CONVERSION = YES;
				CLANG_WARN_DIRECT_OBJC_ISA_USAGE = YES_ERROR;
				CLANG_WARN_EMPTY_BODY = YES;
				CLANG_WARN_ENUM_CONVERSION = YES;
				CLANG_WARN_INT_CONVERSION = YES;
				CLANG_WARN_OBJC_ROOT_CLASS = YES_ERROR;
				CLANG_WARN_UNREACHABLE_CODE = YES;
				CLANG_WARN__DUPLICATE_METHOD_MATCH = YES;
				"CODE_SIGN_IDENTITY[sdk=iphoneos*]" = "iPhone Developer";
				COPY_PHASE_STRIP = NO;
				DEBUG_INFORMATION_FORMAT = "dwarf-with-dsym";
				ENABLE_NS_ASSERTIONS = NO;
				ENABLE_STRICT_OBJC_MSGSEND = YES;
				GCC_C_LANGUAGE_STANDARD = gnu99;
				GCC_NO_COMMON_BLOCKS = YES;
				GCC_WARN_64_TO_32_BIT_CONVERSION = YES;
				GCC_WARN_ABOUT_RETURN_TYPE = YES_ERROR;
				GCC_WARN_UNDECLARED_SELECTOR = YES;
				GCC_WARN_UNINITIALIZED_AUTOS = YES_AGGRESSIVE;
				GCC_WARN_UNUSED_FUNCTION = YES;
				GCC_WARN_UNUSED_VARIABLE = YES;
				IPHONEOS_DEPLOYMENT_TARGET = 9.2;
				MTL_ENABLE_DEBUG_INFO = NO;
				OTHER_SWIFT_FLAGS = "$(inherited)";
				SDKROOT = iphoneos;
				VALIDATE_PRODUCT = YES;
			};
			name = Enterprise;
		};
		031FEF111F0EFABE00D5B8A2 /* Enterprise */ = {
			isa = XCBuildConfiguration;
			baseConfigurationReference = DFFC6022D81247071CD1A60C /* Pods-SnapifeyePro.enterprise.xcconfig */;
			buildSettings = {
				CODE_SIGN_IDENTITY = "iPhone Distribution";
				"CODE_SIGN_IDENTITY[sdk=iphoneos*]" = "iPhone Distribution";
				DEVELOPMENT_TEAM = 3Q54H69ZVN;
				ENABLE_BITCODE = YES;
				FRAMEWORK_SEARCH_PATHS = (
					"$(inherited)",
					"$(PROJECT_DIR)/Carthage/Build/iOS",
				);
				INFOPLIST_FILE = SnapifeyePro/Info.plist;
				IPHONEOS_DEPLOYMENT_TARGET = 9.0;
				LD_RUNPATH_SEARCH_PATHS = "$(inherited) @executable_path/Frameworks";
				PROVISIONING_PROFILE = "c4f3585c-51b4-4eb4-b08d-48a201c6cb35";
				PROVISIONING_PROFILE_SPECIFIER = "Snapifeye In House";
				SWIFT_OBJC_BRIDGING_HEADER = "SnapifeyePro/SnapifeyePro-Bridging-Header.h";
				SWIFT_OPTIMIZATION_LEVEL = "-Onone";
				SWIFT_VERSION = 3.0;
				TARGETED_DEVICE_FAMILY = "1,2";
			};
			name = Enterprise;
		};
		031FEF121F0EFAD100D5B8A2 /* Enterprise-BrandedCam */ = {
			isa = XCBuildConfiguration;
			baseConfigurationReference = 0388B05A1EFDA83500561D67 /* brandedcam-production.xcconfig */;
			buildSettings = {
				ALWAYS_SEARCH_USER_PATHS = NO;
				CLANG_CXX_LANGUAGE_STANDARD = "gnu++0x";
				CLANG_CXX_LIBRARY = "libc++";
				CLANG_ENABLE_MODULES = YES;
				CLANG_ENABLE_OBJC_ARC = YES;
				CLANG_WARN_BOOL_CONVERSION = YES;
				CLANG_WARN_CONSTANT_CONVERSION = YES;
				CLANG_WARN_DIRECT_OBJC_ISA_USAGE = YES_ERROR;
				CLANG_WARN_EMPTY_BODY = YES;
				CLANG_WARN_ENUM_CONVERSION = YES;
				CLANG_WARN_INT_CONVERSION = YES;
				CLANG_WARN_OBJC_ROOT_CLASS = YES_ERROR;
				CLANG_WARN_UNREACHABLE_CODE = YES;
				CLANG_WARN__DUPLICATE_METHOD_MATCH = YES;
				"CODE_SIGN_IDENTITY[sdk=iphoneos*]" = "iPhone Developer";
				COPY_PHASE_STRIP = NO;
				DEBUG_INFORMATION_FORMAT = "dwarf-with-dsym";
				ENABLE_NS_ASSERTIONS = NO;
				ENABLE_STRICT_OBJC_MSGSEND = YES;
				GCC_C_LANGUAGE_STANDARD = gnu99;
				GCC_NO_COMMON_BLOCKS = YES;
				GCC_WARN_64_TO_32_BIT_CONVERSION = YES;
				GCC_WARN_ABOUT_RETURN_TYPE = YES_ERROR;
				GCC_WARN_UNDECLARED_SELECTOR = YES;
				GCC_WARN_UNINITIALIZED_AUTOS = YES_AGGRESSIVE;
				GCC_WARN_UNUSED_FUNCTION = YES;
				GCC_WARN_UNUSED_VARIABLE = YES;
				IPHONEOS_DEPLOYMENT_TARGET = 9.2;
				MTL_ENABLE_DEBUG_INFO = NO;
				OTHER_SWIFT_FLAGS = "$(inherited)";
				SDKROOT = iphoneos;
				VALIDATE_PRODUCT = YES;
			};
			name = "Enterprise-BrandedCam";
		};
		031FEF131F0EFAD100D5B8A2 /* Enterprise-BrandedCam */ = {
			isa = XCBuildConfiguration;
			baseConfigurationReference = A76A4B9598E8075D0BF3B3F8 /* Pods-SnapifeyePro.enterprise-brandedcam.xcconfig */;
			buildSettings = {
				CODE_SIGN_IDENTITY = "iPhone Distribution";
				"CODE_SIGN_IDENTITY[sdk=iphoneos*]" = "iPhone Distribution";
				DEVELOPMENT_TEAM = 3Q54H69ZVN;
				ENABLE_BITCODE = YES;
				FRAMEWORK_SEARCH_PATHS = (
					"$(inherited)",
					"$(PROJECT_DIR)/Carthage/Build/iOS",
				);
				INFOPLIST_FILE = SnapifeyePro/Info.plist;
				IPHONEOS_DEPLOYMENT_TARGET = 9.0;
				LD_RUNPATH_SEARCH_PATHS = "$(inherited) @executable_path/Frameworks";
				PROVISIONING_PROFILE = "c7747a0e-cd0b-46dc-aedb-ac3c26ef5352";
				PROVISIONING_PROFILE_SPECIFIER = "Snapifeye In House";
				SWIFT_OBJC_BRIDGING_HEADER = "SnapifeyePro/SnapifeyePro-Bridging-Header.h";
				SWIFT_OPTIMIZATION_LEVEL = "-Onone";
				SWIFT_VERSION = 3.0;
				TARGETED_DEVICE_FAMILY = "1,2";
			};
			name = "Enterprise-BrandedCam";
		};
		032A63BF1C4847F4008E1A40 /* Debug */ = {
			isa = XCBuildConfiguration;
			baseConfigurationReference = 0388B0591EFDA82700561D67 /* snapifeye-production.xcconfig */;
			buildSettings = {
				ALWAYS_SEARCH_USER_PATHS = NO;
				CLANG_CXX_LANGUAGE_STANDARD = "gnu++0x";
				CLANG_CXX_LIBRARY = "libc++";
				CLANG_ENABLE_MODULES = YES;
				CLANG_ENABLE_OBJC_ARC = YES;
				CLANG_WARN_BOOL_CONVERSION = YES;
				CLANG_WARN_CONSTANT_CONVERSION = YES;
				CLANG_WARN_DIRECT_OBJC_ISA_USAGE = YES_ERROR;
				CLANG_WARN_EMPTY_BODY = YES;
				CLANG_WARN_ENUM_CONVERSION = YES;
				CLANG_WARN_INT_CONVERSION = YES;
				CLANG_WARN_OBJC_ROOT_CLASS = YES_ERROR;
				CLANG_WARN_UNREACHABLE_CODE = YES;
				CLANG_WARN__DUPLICATE_METHOD_MATCH = YES;
				"CODE_SIGN_IDENTITY[sdk=iphoneos*]" = "iPhone Developer";
				COPY_PHASE_STRIP = NO;
				DEBUG_INFORMATION_FORMAT = dwarf;
				ENABLE_STRICT_OBJC_MSGSEND = YES;
				ENABLE_TESTABILITY = YES;
				GCC_C_LANGUAGE_STANDARD = gnu99;
				GCC_DYNAMIC_NO_PIC = NO;
				GCC_NO_COMMON_BLOCKS = YES;
				GCC_OPTIMIZATION_LEVEL = 0;
				GCC_PREPROCESSOR_DEFINITIONS = (
					"DEBUG=1",
					"$(inherited)",
				);
				GCC_WARN_64_TO_32_BIT_CONVERSION = YES;
				GCC_WARN_ABOUT_RETURN_TYPE = YES_ERROR;
				GCC_WARN_UNDECLARED_SELECTOR = YES;
				GCC_WARN_UNINITIALIZED_AUTOS = YES_AGGRESSIVE;
				GCC_WARN_UNUSED_FUNCTION = YES;
				GCC_WARN_UNUSED_VARIABLE = YES;
				IPHONEOS_DEPLOYMENT_TARGET = 9.2;
				MTL_ENABLE_DEBUG_INFO = YES;
				ONLY_ACTIVE_ARCH = YES;
				OTHER_SWIFT_FLAGS = "$(inherited)";
				SDKROOT = iphoneos;
				SWIFT_OPTIMIZATION_LEVEL = "-Onone";
			};
			name = Debug;
		};
		032A63C01C4847F4008E1A40 /* Release */ = {
			isa = XCBuildConfiguration;
			baseConfigurationReference = 0388B0591EFDA82700561D67 /* snapifeye-production.xcconfig */;
			buildSettings = {
				ALWAYS_SEARCH_USER_PATHS = NO;
				CLANG_CXX_LANGUAGE_STANDARD = "gnu++0x";
				CLANG_CXX_LIBRARY = "libc++";
				CLANG_ENABLE_MODULES = YES;
				CLANG_ENABLE_OBJC_ARC = YES;
				CLANG_WARN_BOOL_CONVERSION = YES;
				CLANG_WARN_CONSTANT_CONVERSION = YES;
				CLANG_WARN_DIRECT_OBJC_ISA_USAGE = YES_ERROR;
				CLANG_WARN_EMPTY_BODY = YES;
				CLANG_WARN_ENUM_CONVERSION = YES;
				CLANG_WARN_INT_CONVERSION = YES;
				CLANG_WARN_OBJC_ROOT_CLASS = YES_ERROR;
				CLANG_WARN_UNREACHABLE_CODE = YES;
				CLANG_WARN__DUPLICATE_METHOD_MATCH = YES;
				"CODE_SIGN_IDENTITY[sdk=iphoneos*]" = "iPhone Developer";
				COPY_PHASE_STRIP = NO;
				DEBUG_INFORMATION_FORMAT = "dwarf-with-dsym";
				ENABLE_NS_ASSERTIONS = NO;
				ENABLE_STRICT_OBJC_MSGSEND = YES;
				GCC_C_LANGUAGE_STANDARD = gnu99;
				GCC_NO_COMMON_BLOCKS = YES;
				GCC_WARN_64_TO_32_BIT_CONVERSION = YES;
				GCC_WARN_ABOUT_RETURN_TYPE = YES_ERROR;
				GCC_WARN_UNDECLARED_SELECTOR = YES;
				GCC_WARN_UNINITIALIZED_AUTOS = YES_AGGRESSIVE;
				GCC_WARN_UNUSED_FUNCTION = YES;
				GCC_WARN_UNUSED_VARIABLE = YES;
				IPHONEOS_DEPLOYMENT_TARGET = 9.2;
				MTL_ENABLE_DEBUG_INFO = NO;
				OTHER_SWIFT_FLAGS = "$(inherited)";
				SDKROOT = iphoneos;
				VALIDATE_PRODUCT = YES;
			};
			name = Release;
		};
		032A63C21C4847F4008E1A40 /* Debug */ = {
			isa = XCBuildConfiguration;
			baseConfigurationReference = E0700C98ED5B9DE8877D285D /* Pods-SnapifeyePro.debug.xcconfig */;
			buildSettings = {
				CODE_SIGN_IDENTITY = "iPhone Developer";
				"CODE_SIGN_IDENTITY[sdk=iphoneos*]" = "iPhone Developer";
				DEVELOPMENT_TEAM = WPBN76YKX2;
				ENABLE_BITCODE = YES;
				FRAMEWORK_SEARCH_PATHS = (
					"$(inherited)",
					"$(PROJECT_DIR)/Carthage/Build/iOS",
				);
				INFOPLIST_FILE = SnapifeyePro/Info.plist;
				IPHONEOS_DEPLOYMENT_TARGET = 9.0;
				LD_RUNPATH_SEARCH_PATHS = "$(inherited) @executable_path/Frameworks";
				PROVISIONING_PROFILE_SPECIFIER = "RokkinCat Team";
				SWIFT_OBJC_BRIDGING_HEADER = "SnapifeyePro/SnapifeyePro-Bridging-Header.h";
				SWIFT_VERSION = 3.0;
				TARGETED_DEVICE_FAMILY = "1,2";
			};
			name = Debug;
		};
		032A63C31C4847F4008E1A40 /* Release */ = {
			isa = XCBuildConfiguration;
			baseConfigurationReference = 99511D124D467AFD1B944B1E /* Pods-SnapifeyePro.release.xcconfig */;
			buildSettings = {
				CODE_SIGN_IDENTITY = "iPhone Distribution";
				"CODE_SIGN_IDENTITY[sdk=iphoneos*]" = "iPhone Distribution";
				DEVELOPMENT_TEAM = WPBN76YKX2;
				ENABLE_BITCODE = YES;
				FRAMEWORK_SEARCH_PATHS = (
					"$(inherited)",
					"$(PROJECT_DIR)/Carthage/Build/iOS",
				);
				INFOPLIST_FILE = SnapifeyePro/Info.plist;
				IPHONEOS_DEPLOYMENT_TARGET = 9.0;
				LD_RUNPATH_SEARCH_PATHS = "$(inherited) @executable_path/Frameworks";
				PROVISIONING_PROFILE_SPECIFIER = "match AppStore com.snapifeye.SnapifeyePro";
				SWIFT_OBJC_BRIDGING_HEADER = "SnapifeyePro/SnapifeyePro-Bridging-Header.h";
				SWIFT_OPTIMIZATION_LEVEL = "-Onone";
				SWIFT_VERSION = 3.0;
				TARGETED_DEVICE_FAMILY = "1,2";
			};
			name = Release;
		};
		0388B12A1EFDACD300561D67 /* Debug-BrandedCam */ = {
			isa = XCBuildConfiguration;
			baseConfigurationReference = 0388B05A1EFDA83500561D67 /* brandedcam-production.xcconfig */;
			buildSettings = {
				ALWAYS_SEARCH_USER_PATHS = NO;
				CLANG_CXX_LANGUAGE_STANDARD = "gnu++0x";
				CLANG_CXX_LIBRARY = "libc++";
				CLANG_ENABLE_MODULES = YES;
				CLANG_ENABLE_OBJC_ARC = YES;
				CLANG_WARN_BOOL_CONVERSION = YES;
				CLANG_WARN_CONSTANT_CONVERSION = YES;
				CLANG_WARN_DIRECT_OBJC_ISA_USAGE = YES_ERROR;
				CLANG_WARN_EMPTY_BODY = YES;
				CLANG_WARN_ENUM_CONVERSION = YES;
				CLANG_WARN_INT_CONVERSION = YES;
				CLANG_WARN_OBJC_ROOT_CLASS = YES_ERROR;
				CLANG_WARN_UNREACHABLE_CODE = YES;
				CLANG_WARN__DUPLICATE_METHOD_MATCH = YES;
				"CODE_SIGN_IDENTITY[sdk=iphoneos*]" = "iPhone Developer";
				COPY_PHASE_STRIP = NO;
				DEBUG_INFORMATION_FORMAT = dwarf;
				ENABLE_STRICT_OBJC_MSGSEND = YES;
				ENABLE_TESTABILITY = YES;
				GCC_C_LANGUAGE_STANDARD = gnu99;
				GCC_DYNAMIC_NO_PIC = NO;
				GCC_NO_COMMON_BLOCKS = YES;
				GCC_OPTIMIZATION_LEVEL = 0;
				GCC_PREPROCESSOR_DEFINITIONS = (
					"DEBUG=1",
					"$(inherited)",
				);
				GCC_WARN_64_TO_32_BIT_CONVERSION = YES;
				GCC_WARN_ABOUT_RETURN_TYPE = YES_ERROR;
				GCC_WARN_UNDECLARED_SELECTOR = YES;
				GCC_WARN_UNINITIALIZED_AUTOS = YES_AGGRESSIVE;
				GCC_WARN_UNUSED_FUNCTION = YES;
				GCC_WARN_UNUSED_VARIABLE = YES;
				IPHONEOS_DEPLOYMENT_TARGET = 9.2;
				MTL_ENABLE_DEBUG_INFO = YES;
				ONLY_ACTIVE_ARCH = YES;
				OTHER_SWIFT_FLAGS = "$(inherited)";
				SDKROOT = iphoneos;
				SWIFT_OPTIMIZATION_LEVEL = "-Onone";
			};
			name = "Debug-BrandedCam";
		};
		0388B12B1EFDACD300561D67 /* Debug-BrandedCam */ = {
			isa = XCBuildConfiguration;
			baseConfigurationReference = 9095BB7C975D72A87A833E5A /* Pods-SnapifeyePro.debug-brandedcam.xcconfig */;
			buildSettings = {
				CODE_SIGN_IDENTITY = "iPhone Developer";
				"CODE_SIGN_IDENTITY[sdk=iphoneos*]" = "iPhone Developer";
				DEVELOPMENT_TEAM = WPBN76YKX2;
				ENABLE_BITCODE = YES;
				FRAMEWORK_SEARCH_PATHS = (
					"$(inherited)",
					"$(PROJECT_DIR)/Carthage/Build/iOS",
				);
				INFOPLIST_FILE = SnapifeyePro/Info.plist;
				IPHONEOS_DEPLOYMENT_TARGET = 9.0;
				LD_RUNPATH_SEARCH_PATHS = "$(inherited) @executable_path/Frameworks";
				PROVISIONING_PROFILE_SPECIFIER = "RokkinCat Team";
				SWIFT_OBJC_BRIDGING_HEADER = "SnapifeyePro/SnapifeyePro-Bridging-Header.h";
				SWIFT_VERSION = 3.0;
				TARGETED_DEVICE_FAMILY = "1,2";
			};
			name = "Debug-BrandedCam";
		};
		0388B12C1EFDACDB00561D67 /* Release-BrandedCam */ = {
			isa = XCBuildConfiguration;
			baseConfigurationReference = 0388B05A1EFDA83500561D67 /* brandedcam-production.xcconfig */;
			buildSettings = {
				ALWAYS_SEARCH_USER_PATHS = NO;
				CLANG_CXX_LANGUAGE_STANDARD = "gnu++0x";
				CLANG_CXX_LIBRARY = "libc++";
				CLANG_ENABLE_MODULES = YES;
				CLANG_ENABLE_OBJC_ARC = YES;
				CLANG_WARN_BOOL_CONVERSION = YES;
				CLANG_WARN_CONSTANT_CONVERSION = YES;
				CLANG_WARN_DIRECT_OBJC_ISA_USAGE = YES_ERROR;
				CLANG_WARN_EMPTY_BODY = YES;
				CLANG_WARN_ENUM_CONVERSION = YES;
				CLANG_WARN_INT_CONVERSION = YES;
				CLANG_WARN_OBJC_ROOT_CLASS = YES_ERROR;
				CLANG_WARN_UNREACHABLE_CODE = YES;
				CLANG_WARN__DUPLICATE_METHOD_MATCH = YES;
				"CODE_SIGN_IDENTITY[sdk=iphoneos*]" = "iPhone Developer";
				COPY_PHASE_STRIP = NO;
				DEBUG_INFORMATION_FORMAT = "dwarf-with-dsym";
				ENABLE_NS_ASSERTIONS = NO;
				ENABLE_STRICT_OBJC_MSGSEND = YES;
				GCC_C_LANGUAGE_STANDARD = gnu99;
				GCC_NO_COMMON_BLOCKS = YES;
				GCC_WARN_64_TO_32_BIT_CONVERSION = YES;
				GCC_WARN_ABOUT_RETURN_TYPE = YES_ERROR;
				GCC_WARN_UNDECLARED_SELECTOR = YES;
				GCC_WARN_UNINITIALIZED_AUTOS = YES_AGGRESSIVE;
				GCC_WARN_UNUSED_FUNCTION = YES;
				GCC_WARN_UNUSED_VARIABLE = YES;
				IPHONEOS_DEPLOYMENT_TARGET = 9.2;
				MTL_ENABLE_DEBUG_INFO = NO;
				OTHER_SWIFT_FLAGS = "$(inherited)";
				SDKROOT = iphoneos;
				VALIDATE_PRODUCT = YES;
			};
			name = "Release-BrandedCam";
		};
		0388B12D1EFDACDB00561D67 /* Release-BrandedCam */ = {
			isa = XCBuildConfiguration;
			baseConfigurationReference = FB6D611AF886F754376B4E81 /* Pods-SnapifeyePro.release-brandedcam.xcconfig */;
			buildSettings = {
				CODE_SIGN_IDENTITY = "iPhone Distribution";
				"CODE_SIGN_IDENTITY[sdk=iphoneos*]" = "iPhone Distribution";
				DEVELOPMENT_TEAM = JLHKE69ND8;
				ENABLE_BITCODE = YES;
				FRAMEWORK_SEARCH_PATHS = (
					"$(inherited)",
					"$(PROJECT_DIR)/Carthage/Build/iOS",
				);
				INFOPLIST_FILE = SnapifeyePro/Info.plist;
				IPHONEOS_DEPLOYMENT_TARGET = 9.0;
				LD_RUNPATH_SEARCH_PATHS = "$(inherited) @executable_path/Frameworks";
				PROVISIONING_PROFILE = "770fc08d-f647-4d06-a6e6-7a5cba55765b";
				PROVISIONING_PROFILE_SPECIFIER = "BrandedCam AppStore";
				SWIFT_OBJC_BRIDGING_HEADER = "SnapifeyePro/SnapifeyePro-Bridging-Header.h";
				SWIFT_OPTIMIZATION_LEVEL = "-Onone";
				SWIFT_VERSION = 3.0;
				TARGETED_DEVICE_FAMILY = "1,2";
			};
			name = "Release-BrandedCam";
		};
/* End XCBuildConfiguration section */

/* Begin XCConfigurationList section */
		032A63AA1C4847F3008E1A40 /* Build configuration list for PBXProject "SnapifeyePro" */ = {
			isa = XCConfigurationList;
			buildConfigurations = (
				032A63BF1C4847F4008E1A40 /* Debug */,
				03052FB81FA7E9BF0093C312 /* Debug-Enterprise */,
				0388B12A1EFDACD300561D67 /* Debug-BrandedCam */,
				032A63C01C4847F4008E1A40 /* Release */,
				031FEF101F0EFABE00D5B8A2 /* Enterprise */,
				0388B12C1EFDACDB00561D67 /* Release-BrandedCam */,
				031FEF121F0EFAD100D5B8A2 /* Enterprise-BrandedCam */,
			);
			defaultConfigurationIsVisible = 0;
			defaultConfigurationName = Release;
		};
		032A63C11C4847F4008E1A40 /* Build configuration list for PBXNativeTarget "SnapifeyePro" */ = {
			isa = XCConfigurationList;
			buildConfigurations = (
				032A63C21C4847F4008E1A40 /* Debug */,
				03052FB91FA7E9BF0093C312 /* Debug-Enterprise */,
				0388B12B1EFDACD300561D67 /* Debug-BrandedCam */,
				032A63C31C4847F4008E1A40 /* Release */,
				031FEF111F0EFABE00D5B8A2 /* Enterprise */,
				0388B12D1EFDACDB00561D67 /* Release-BrandedCam */,
				031FEF131F0EFAD100D5B8A2 /* Enterprise-BrandedCam */,
			);
			defaultConfigurationIsVisible = 0;
			defaultConfigurationName = Release;
		};
/* End XCConfigurationList section */
	};
	rootObject = 032A63A71C4847F3008E1A40 /* Project object */;
}
